// !$*UTF8*$!
{
	archiveVersion = 1;
	classes = {
	};
	objectVersion = 56;
	objects = {

/* Begin PBXBuildFile section */
		3686A1852AFCC0F3007A17A9 /* AppDelegate.swift in Sources */ = {isa = PBXBuildFile; fileRef = 3686A1842AFCC0F3007A17A9 /* AppDelegate.swift */; };
		3686A1872AFCC0F3007A17A9 /* SceneDelegate.swift in Sources */ = {isa = PBXBuildFile; fileRef = 3686A1862AFCC0F3007A17A9 /* SceneDelegate.swift */; };
		3686A1892AFCC0F3007A17A9 /* ViewController.swift in Sources */ = {isa = PBXBuildFile; fileRef = 3686A1882AFCC0F3007A17A9 /* ViewController.swift */; };
		3686A18C2AFCC0F3007A17A9 /* Main.storyboard in Resources */ = {isa = PBXBuildFile; fileRef = 3686A18A2AFCC0F3007A17A9 /* Main.storyboard */; };
		3686A18F2AFCC0F3007A17A9 /* weather.xcdatamodeld in Sources */ = {isa = PBXBuildFile; fileRef = 3686A18D2AFCC0F3007A17A9 /* weather.xcdatamodeld */; };
		3686A1912AFCC0F5007A17A9 /* Assets.xcassets in Resources */ = {isa = PBXBuildFile; fileRef = 3686A1902AFCC0F5007A17A9 /* Assets.xcassets */; };
		3686A1942AFCC0F5007A17A9 /* LaunchScreen.storyboard in Resources */ = {isa = PBXBuildFile; fileRef = 3686A1922AFCC0F5007A17A9 /* LaunchScreen.storyboard */; };
		3686A19F2AFCC0F5007A17A9 /* weatherTests.swift in Sources */ = {isa = PBXBuildFile; fileRef = 3686A19E2AFCC0F5007A17A9 /* weatherTests.swift */; };
		3686A1A92AFCC0F5007A17A9 /* weatherUITests.swift in Sources */ = {isa = PBXBuildFile; fileRef = 3686A1A82AFCC0F5007A17A9 /* weatherUITests.swift */; };
		3686A1AB2AFCC0F5007A17A9 /* weatherUITestsLaunchTests.swift in Sources */ = {isa = PBXBuildFile; fileRef = 3686A1AA2AFCC0F5007A17A9 /* weatherUITestsLaunchTests.swift */; };
/* End PBXBuildFile section */

/* Begin PBXContainerItemProxy section */
		3686A19B2AFCC0F5007A17A9 /* PBXContainerItemProxy */ = {
			isa = PBXContainerItemProxy;
			containerPortal = 3686A1792AFCC0F3007A17A9 /* Project object */;
			proxyType = 1;
			remoteGlobalIDString = 3686A1802AFCC0F3007A17A9;
			remoteInfo = weather;
		};
		3686A1A52AFCC0F5007A17A9 /* PBXContainerItemProxy */ = {
			isa = PBXContainerItemProxy;
			containerPortal = 3686A1792AFCC0F3007A17A9 /* Project object */;
			proxyType = 1;
			remoteGlobalIDString = 3686A1802AFCC0F3007A17A9;
			remoteInfo = weather;
		};
/* End PBXContainerItemProxy section */

/* Begin PBXFileReference section */
		3686A1812AFCC0F3007A17A9 /* weather.app */ = {isa = PBXFileReference; explicitFileType = wrapper.application; includeInIndex = 0; path = weather.app; sourceTree = BUILT_PRODUCTS_DIR; };
		3686A1842AFCC0F3007A17A9 /* AppDelegate.swift */ = {isa = PBXFileReference; lastKnownFileType = sourcecode.swift; path = AppDelegate.swift; sourceTree = "<group>"; };
		3686A1862AFCC0F3007A17A9 /* SceneDelegate.swift */ = {isa = PBXFileReference; lastKnownFileType = sourcecode.swift; path = SceneDelegate.swift; sourceTree = "<group>"; };
		3686A1882AFCC0F3007A17A9 /* ViewController.swift */ = {isa = PBXFileReference; lastKnownFileType = sourcecode.swift; path = ViewController.swift; sourceTree = "<group>"; };
		3686A18B2AFCC0F3007A17A9 /* Base */ = {isa = PBXFileReference; lastKnownFileType = file.storyboard; name = Base; path = Base.lproj/Main.storyboard; sourceTree = "<group>"; };
		3686A18E2AFCC0F3007A17A9 /* weather.xcdatamodel */ = {isa = PBXFileReference; lastKnownFileType = wrapper.xcdatamodel; path = weather.xcdatamodel; sourceTree = "<group>"; };
		3686A1902AFCC0F5007A17A9 /* Assets.xcassets */ = {isa = PBXFileReference; lastKnownFileType = folder.assetcatalog; path = Assets.xcassets; sourceTree = "<group>"; };
		3686A1932AFCC0F5007A17A9 /* Base */ = {isa = PBXFileReference; lastKnownFileType = file.storyboard; name = Base; path = Base.lproj/LaunchScreen.storyboard; sourceTree = "<group>"; };
		3686A1952AFCC0F5007A17A9 /* Info.plist */ = {isa = PBXFileReference; lastKnownFileType = text.plist.xml; path = Info.plist; sourceTree = "<group>"; };
		3686A19A2AFCC0F5007A17A9 /* weatherTests.xctest */ = {isa = PBXFileReference; explicitFileType = wrapper.cfbundle; includeInIndex = 0; path = weatherTests.xctest; sourceTree = BUILT_PRODUCTS_DIR; };
		3686A19E2AFCC0F5007A17A9 /* weatherTests.swift */ = {isa = PBXFileReference; lastKnownFileType = sourcecode.swift; path = weatherTests.swift; sourceTree = "<group>"; };
		3686A1A42AFCC0F5007A17A9 /* weatherUITests.xctest */ = {isa = PBXFileReference; explicitFileType = wrapper.cfbundle; includeInIndex = 0; path = weatherUITests.xctest; sourceTree = BUILT_PRODUCTS_DIR; };
		3686A1A82AFCC0F5007A17A9 /* weatherUITests.swift */ = {isa = PBXFileReference; lastKnownFileType = sourcecode.swift; path = weatherUITests.swift; sourceTree = "<group>"; };
		3686A1AA2AFCC0F5007A17A9 /* weatherUITestsLaunchTests.swift */ = {isa = PBXFileReference; lastKnownFileType = sourcecode.swift; path = weatherUITestsLaunchTests.swift; sourceTree = "<group>"; };
/* End PBXFileReference section */

/* Begin PBXFrameworksBuildPhase section */
		3686A17E2AFCC0F3007A17A9 /* Frameworks */ = {
			isa = PBXFrameworksBuildPhase;
			buildActionMask = 2147483647;
			files = (
			);
			runOnlyForDeploymentPostprocessing = 0;
		};
		3686A1972AFCC0F5007A17A9 /* Frameworks */ = {
			isa = PBXFrameworksBuildPhase;
			buildActionMask = 2147483647;
			files = (
			);
			runOnlyForDeploymentPostprocessing = 0;
		};
		3686A1A12AFCC0F5007A17A9 /* Frameworks */ = {
			isa = PBXFrameworksBuildPhase;
			buildActionMask = 2147483647;
			files = (
			);
			runOnlyForDeploymentPostprocessing = 0;
		};
/* End PBXFrameworksBuildPhase section */

/* Begin PBXGroup section */
		3686A1782AFCC0F3007A17A9 = {
			isa = PBXGroup;
			children = (
				3686A1832AFCC0F3007A17A9 /* weather */,
				3686A19D2AFCC0F5007A17A9 /* weatherTests */,
				3686A1A72AFCC0F5007A17A9 /* weatherUITests */,
				3686A1822AFCC0F3007A17A9 /* Products */,
			);
			sourceTree = "<group>";
		};
		3686A1822AFCC0F3007A17A9 /* Products */ = {
			isa = PBXGroup;
			children = (
				3686A1812AFCC0F3007A17A9 /* weather.app */,
				3686A19A2AFCC0F5007A17A9 /* weatherTests.xctest */,
				3686A1A42AFCC0F5007A17A9 /* weatherUITests.xctest */,
			);
			name = Products;
			sourceTree = "<group>";
		};
		3686A1832AFCC0F3007A17A9 /* weather */ = {
			isa = PBXGroup;
			children = (
				3686A1842AFCC0F3007A17A9 /* AppDelegate.swift */,
				3686A1862AFCC0F3007A17A9 /* SceneDelegate.swift */,
				3686A1882AFCC0F3007A17A9 /* ViewController.swift */,
				3686A18A2AFCC0F3007A17A9 /* Main.storyboard */,
				3686A1902AFCC0F5007A17A9 /* Assets.xcassets */,
				3686A1922AFCC0F5007A17A9 /* LaunchScreen.storyboard */,
				3686A1952AFCC0F5007A17A9 /* Info.plist */,
				3686A18D2AFCC0F3007A17A9 /* weather.xcdatamodeld */,
			);
			path = weather;
			sourceTree = "<group>";
		};
		3686A19D2AFCC0F5007A17A9 /* weatherTests */ = {
			isa = PBXGroup;
			children = (
				3686A19E2AFCC0F5007A17A9 /* weatherTests.swift */,
			);
			path = weatherTests;
			sourceTree = "<group>";
		};
		3686A1A72AFCC0F5007A17A9 /* weatherUITests */ = {
			isa = PBXGroup;
			children = (
				3686A1A82AFCC0F5007A17A9 /* weatherUITests.swift */,
				3686A1AA2AFCC0F5007A17A9 /* weatherUITestsLaunchTests.swift */,
			);
			path = weatherUITests;
			sourceTree = "<group>";
		};
/* End PBXGroup section */

/* Begin PBXNativeTarget section */
		3686A1802AFCC0F3007A17A9 /* weather */ = {
			isa = PBXNativeTarget;
			buildConfigurationList = 3686A1AE2AFCC0F5007A17A9 /* Build configuration list for PBXNativeTarget "weather" */;
			buildPhases = (
				3686A17D2AFCC0F3007A17A9 /* Sources */,
				3686A17E2AFCC0F3007A17A9 /* Frameworks */,
				3686A17F2AFCC0F3007A17A9 /* Resources */,
			);
			buildRules = (
			);
			dependencies = (
			);
			name = weather;
			productName = weather;
			productReference = 3686A1812AFCC0F3007A17A9 /* weather.app */;
			productType = "com.apple.product-type.application";
		};
		3686A1992AFCC0F5007A17A9 /* weatherTests */ = {
			isa = PBXNativeTarget;
			buildConfigurationList = 3686A1B12AFCC0F5007A17A9 /* Build configuration list for PBXNativeTarget "weatherTests" */;
			buildPhases = (
				3686A1962AFCC0F5007A17A9 /* Sources */,
				3686A1972AFCC0F5007A17A9 /* Frameworks */,
				3686A1982AFCC0F5007A17A9 /* Resources */,
			);
			buildRules = (
			);
			dependencies = (
				3686A19C2AFCC0F5007A17A9 /* PBXTargetDependency */,
			);
			name = weatherTests;
			productName = weatherTests;
			productReference = 3686A19A2AFCC0F5007A17A9 /* weatherTests.xctest */;
			productType = "com.apple.product-type.bundle.unit-test";
		};
		3686A1A32AFCC0F5007A17A9 /* weatherUITests */ = {
			isa = PBXNativeTarget;
			buildConfigurationList = 3686A1B42AFCC0F5007A17A9 /* Build configuration list for PBXNativeTarget "weatherUITests" */;
			buildPhases = (
				3686A1A02AFCC0F5007A17A9 /* Sources */,
				3686A1A12AFCC0F5007A17A9 /* Frameworks */,
				3686A1A22AFCC0F5007A17A9 /* Resources */,
			);
			buildRules = (
			);
			dependencies = (
				3686A1A62AFCC0F5007A17A9 /* PBXTargetDependency */,
			);
			name = weatherUITests;
			productName = weatherUITests;
			productReference = 3686A1A42AFCC0F5007A17A9 /* weatherUITests.xctest */;
			productType = "com.apple.product-type.bundle.ui-testing";
		};
/* End PBXNativeTarget section */

/* Begin PBXProject section */
		3686A1792AFCC0F3007A17A9 /* Project object */ = {
			isa = PBXProject;
			attributes = {
				BuildIndependentTargetsInParallel = 1;
				LastSwiftUpdateCheck = 1420;
				LastUpgradeCheck = 1420;
				TargetAttributes = {
					3686A1802AFCC0F3007A17A9 = {
						CreatedOnToolsVersion = 14.2;
					};
					3686A1992AFCC0F5007A17A9 = {
						CreatedOnToolsVersion = 14.2;
						TestTargetID = 3686A1802AFCC0F3007A17A9;
					};
					3686A1A32AFCC0F5007A17A9 = {
						CreatedOnToolsVersion = 14.2;
						TestTargetID = 3686A1802AFCC0F3007A17A9;
					};
				};
			};
			buildConfigurationList = 3686A17C2AFCC0F3007A17A9 /* Build configuration list for PBXProject "weather" */;
			compatibilityVersion = "Xcode 14.0";
			developmentRegion = en;
			hasScannedForEncodings = 0;
			knownRegions = (
				en,
				Base,
			);
			mainGroup = 3686A1782AFCC0F3007A17A9;
			productRefGroup = 3686A1822AFCC0F3007A17A9 /* Products */;
			projectDirPath = "";
			projectRoot = "";
			targets = (
				3686A1802AFCC0F3007A17A9 /* weather */,
				3686A1992AFCC0F5007A17A9 /* weatherTests */,
				3686A1A32AFCC0F5007A17A9 /* weatherUITests */,
			);
		};
/* End PBXProject section */

/* Begin PBXResourcesBuildPhase section */
		3686A17F2AFCC0F3007A17A9 /* Resources */ = {
			isa = PBXResourcesBuildPhase;
			buildActionMask = 2147483647;
			files = (
				3686A1942AFCC0F5007A17A9 /* LaunchScreen.storyboard in Resources */,
				3686A1912AFCC0F5007A17A9 /* Assets.xcassets in Resources */,
				3686A18C2AFCC0F3007A17A9 /* Main.storyboard in Resources */,
			);
			runOnlyForDeploymentPostprocessing = 0;
		};
		3686A1982AFCC0F5007A17A9 /* Resources */ = {
			isa = PBXResourcesBuildPhase;
			buildActionMask = 2147483647;
			files = (
			);
			runOnlyForDeploymentPostprocessing = 0;
		};
		3686A1A22AFCC0F5007A17A9 /* Resources */ = {
			isa = PBXResourcesBuildPhase;
			buildActionMask = 2147483647;
			files = (
			);
			runOnlyForDeploymentPostprocessing = 0;
		};
/* End PBXResourcesBuildPhase section */

/* Begin PBXSourcesBuildPhase section */
		3686A17D2AFCC0F3007A17A9 /* Sources */ = {
			isa = PBXSourcesBuildPhase;
			buildActionMask = 2147483647;
			files = (
				3686A18F2AFCC0F3007A17A9 /* weather.xcdatamodeld in Sources */,
				3686A1892AFCC0F3007A17A9 /* ViewController.swift in Sources */,
				3686A1852AFCC0F3007A17A9 /* AppDelegate.swift in Sources */,
				3686A1872AFCC0F3007A17A9 /* SceneDelegate.swift in Sources */,
			);
			runOnlyForDeploymentPostprocessing = 0;
		};
		3686A1962AFCC0F5007A17A9 /* Sources */ = {
			isa = PBXSourcesBuildPhase;
			buildActionMask = 2147483647;
			files = (
				3686A19F2AFCC0F5007A17A9 /* weatherTests.swift in Sources */,
			);
			runOnlyForDeploymentPostprocessing = 0;
		};
		3686A1A02AFCC0F5007A17A9 /* Sources */ = {
			isa = PBXSourcesBuildPhase;
			buildActionMask = 2147483647;
			files = (
				3686A1A92AFCC0F5007A17A9 /* weatherUITests.swift in Sources */,
				3686A1AB2AFCC0F5007A17A9 /* weatherUITestsLaunchTests.swift in Sources */,
			);
			runOnlyForDeploymentPostprocessing = 0;
		};
/* End PBXSourcesBuildPhase section */

/* Begin PBXTargetDependency section */
		3686A19C2AFCC0F5007A17A9 /* PBXTargetDependency */ = {
			isa = PBXTargetDependency;
			target = 3686A1802AFCC0F3007A17A9 /* weather */;
			targetProxy = 3686A19B2AFCC0F5007A17A9 /* PBXContainerItemProxy */;
		};
		3686A1A62AFCC0F5007A17A9 /* PBXTargetDependency */ = {
			isa = PBXTargetDependency;
			target = 3686A1802AFCC0F3007A17A9 /* weather */;
			targetProxy = 3686A1A52AFCC0F5007A17A9 /* PBXContainerItemProxy */;
		};
/* End PBXTargetDependency section */

/* Begin PBXVariantGroup section */
		3686A18A2AFCC0F3007A17A9 /* Main.storyboard */ = {
			isa = PBXVariantGroup;
			children = (
				3686A18B2AFCC0F3007A17A9 /* Base */,
			);
			name = Main.storyboard;
			sourceTree = "<group>";
		};
		3686A1922AFCC0F5007A17A9 /* LaunchScreen.storyboard */ = {
			isa = PBXVariantGroup;
			children = (
				3686A1932AFCC0F5007A17A9 /* Base */,
			);
			name = LaunchScreen.storyboard;
			sourceTree = "<group>";
		};
/* End PBXVariantGroup section */

/* Begin XCBuildConfiguration section */
		3686A1AC2AFCC0F5007A17A9 /* Debug */ = {
			isa = XCBuildConfiguration;
			buildSettings = {
				ALWAYS_SEARCH_USER_PATHS = NO;
				CLANG_ANALYZER_NONNULL = YES;
				CLANG_ANALYZER_NUMBER_OBJECT_CONVERSION = YES_AGGRESSIVE;
				CLANG_CXX_LANGUAGE_STANDARD = "gnu++20";
				CLANG_ENABLE_MODULES = YES;
				CLANG_ENABLE_OBJC_ARC = YES;
				CLANG_ENABLE_OBJC_WEAK = YES;
				CLANG_WARN_BLOCK_CAPTURE_AUTORELEASING = YES;
				CLANG_WARN_BOOL_CONVERSION = YES;
				CLANG_WARN_COMMA = YES;
				CLANG_WARN_CONSTANT_CONVERSION = YES;
				CLANG_WARN_DEPRECATED_OBJC_IMPLEMENTATIONS = YES;
				CLANG_WARN_DIRECT_OBJC_ISA_USAGE = YES_ERROR;
				CLANG_WARN_DOCUMENTATION_COMMENTS = YES;
				CLANG_WARN_EMPTY_BODY = YES;
				CLANG_WARN_ENUM_CONVERSION = YES;
				CLANG_WARN_INFINITE_RECURSION = YES;
				CLANG_WARN_INT_CONVERSION = YES;
				CLANG_WARN_NON_LITERAL_NULL_CONVERSION = YES;
				CLANG_WARN_OBJC_IMPLICIT_RETAIN_SELF = YES;
				CLANG_WARN_OBJC_LITERAL_CONVERSION = YES;
				CLANG_WARN_OBJC_ROOT_CLASS = YES_ERROR;
				CLANG_WARN_QUOTED_INCLUDE_IN_FRAMEWORK_HEADER = YES;
				CLANG_WARN_RANGE_LOOP_ANALYSIS = YES;
				CLANG_WARN_STRICT_PROTOTYPES = YES;
				CLANG_WARN_SUSPICIOUS_MOVE = YES;
				CLANG_WARN_UNGUARDED_AVAILABILITY = YES_AGGRESSIVE;
				CLANG_WARN_UNREACHABLE_CODE = YES;
				CLANG_WARN__DUPLICATE_METHOD_MATCH = YES;
				COPY_PHASE_STRIP = NO;
				DEBUG_INFORMATION_FORMAT = dwarf;
				ENABLE_STRICT_OBJC_MSGSEND = YES;
				ENABLE_TESTABILITY = YES;
				GCC_C_LANGUAGE_STANDARD = gnu11;
				GCC_DYNAMIC_NO_PIC = NO;
				GCC_NO_COMMON_BLOCKS = YES;
				GCC_OPTIMIZATION_LEVEL = 0;
				GCC_PREPROCESSOR_DEFINITIONS = (
					"DEBUG=1",
					"$(inherited)",
				);
				GCC_WARN_64_TO_32_BIT_CONVERSION = YES;
				GCC_WARN_ABOUT_RETURN_TYPE = YES_ERROR;
				GCC_WARN_UNDECLARED_SELECTOR = YES;
				GCC_WARN_UNINITIALIZED_AUTOS = YES_AGGRESSIVE;
				GCC_WARN_UNUSED_FUNCTION = YES;
				GCC_WARN_UNUSED_VARIABLE = YES;
				IPHONEOS_DEPLOYMENT_TARGET = 16.2;
				MTL_ENABLE_DEBUG_INFO = INCLUDE_SOURCE;
				MTL_FAST_MATH = YES;
				ONLY_ACTIVE_ARCH = YES;
				SDKROOT = iphoneos;
				SWIFT_ACTIVE_COMPILATION_CONDITIONS = DEBUG;
				SWIFT_OPTIMIZATION_LEVEL = "-Onone";
			};
			name = Debug;
		};
		3686A1AD2AFCC0F5007A17A9 /* Release */ = {
			isa = XCBuildConfiguration;
			buildSettings = {
				ALWAYS_SEARCH_USER_PATHS = NO;
				CLANG_ANALYZER_NONNULL = YES;
				CLANG_ANALYZER_NUMBER_OBJECT_CONVERSION = YES_AGGRESSIVE;
				CLANG_CXX_LANGUAGE_STANDARD = "gnu++20";
				CLANG_ENABLE_MODULES = YES;
				CLANG_ENABLE_OBJC_ARC = YES;
				CLANG_ENABLE_OBJC_WEAK = YES;
				CLANG_WARN_BLOCK_CAPTURE_AUTORELEASING = YES;
				CLANG_WARN_BOOL_CONVERSION = YES;
				CLANG_WARN_COMMA = YES;
				CLANG_WARN_CONSTANT_CONVERSION = YES;
				CLANG_WARN_DEPRECATED_OBJC_IMPLEMENTATIONS = YES;
				CLANG_WARN_DIRECT_OBJC_ISA_USAGE = YES_ERROR;
				CLANG_WARN_DOCUMENTATION_COMMENTS = YES;
				CLANG_WARN_EMPTY_BODY = YES;
				CLANG_WARN_ENUM_CONVERSION = YES;
				CLANG_WARN_INFINITE_RECURSION = YES;
				CLANG_WARN_INT_CONVERSION = YES;
				CLANG_WARN_NON_LITERAL_NULL_CONVERSION = YES;
				CLANG_WARN_OBJC_IMPLICIT_RETAIN_SELF = YES;
				CLANG_WARN_OBJC_LITERAL_CONVERSION = YES;
				CLANG_WARN_OBJC_ROOT_CLASS = YES_ERROR;
				CLANG_WARN_QUOTED_INCLUDE_IN_FRAMEWORK_HEADER = YES;
				CLANG_WARN_RANGE_LOOP_ANALYSIS = YES;
				CLANG_WARN_STRICT_PROTOTYPES = YES;
				CLANG_WARN_SUSPICIOUS_MOVE = YES;
				CLANG_WARN_UNGUARDED_AVAILABILITY = YES_AGGRESSIVE;
				CLANG_WARN_UNREACHABLE_CODE = YES;
				CLANG_WARN__DUPLICATE_METHOD_MATCH = YES;
				COPY_PHASE_STRIP = NO;
				DEBUG_INFORMATION_FORMAT = "dwarf-with-dsym";
				ENABLE_NS_ASSERTIONS = NO;
				ENABLE_STRICT_OBJC_MSGSEND = YES;
				GCC_C_LANGUAGE_STANDARD = gnu11;
				GCC_NO_COMMON_BLOCKS = YES;
				GCC_WARN_64_TO_32_BIT_CONVERSION = YES;
				GCC_WARN_ABOUT_RETURN_TYPE = YES_ERROR;
				GCC_WARN_UNDECLARED_SELECTOR = YES;
				GCC_WARN_UNINITIALIZED_AUTOS = YES_AGGRESSIVE;
				GCC_WARN_UNUSED_FUNCTION = YES;
				GCC_WARN_UNUSED_VARIABLE = YES;
				IPHONEOS_DEPLOYMENT_TARGET = 16.2;
				MTL_ENABLE_DEBUG_INFO = NO;
				MTL_FAST_MATH = YES;
				SDKROOT = iphoneos;
				SWIFT_COMPILATION_MODE = wholemodule;
				SWIFT_OPTIMIZATION_LEVEL = "-O";
				VALIDATE_PRODUCT = YES;
			};
			name = Release;
		};
		3686A1AF2AFCC0F5007A17A9 /* Debug */ = {
			isa = XCBuildConfiguration;
			buildSettings = {
				ASSETCATALOG_COMPILER_APPICON_NAME = AppIcon;
				ASSETCATALOG_COMPILER_GLOBAL_ACCENT_COLOR_NAME = AccentColor;
				CODE_SIGN_STYLE = Automatic;
				CURRENT_PROJECT_VERSION = 1;
				GENERATE_INFOPLIST_FILE = YES;
				INFOPLIST_FILE = weather/Info.plist;
				INFOPLIST_KEY_UIApplicationSupportsIndirectInputEvents = YES;
				INFOPLIST_KEY_UILaunchStoryboardName = LaunchScreen;
				INFOPLIST_KEY_UIMainStoryboardFile = Main;
				INFOPLIST_KEY_UISupportedInterfaceOrientations_iPad = "UIInterfaceOrientationPortrait UIInterfaceOrientationPortraitUpsideDown UIInterfaceOrientationLandscapeLeft UIInterfaceOrientationLandscapeRight";
				INFOPLIST_KEY_UISupportedInterfaceOrientations_iPhone = "UIInterfaceOrientationPortrait UIInterfaceOrientationLandscapeLeft UIInterfaceOrientationLandscapeRight";
				LD_RUNPATH_SEARCH_PATHS = (
					"$(inherited)",
					"@executable_path/Frameworks",
				);
				MARKETING_VERSION = 1.0;
				PRODUCT_BUNDLE_IDENTIFIER = okeoke.weather;
				PRODUCT_NAME = "$(TARGET_NAME)";
				SWIFT_EMIT_LOC_STRINGS = YES;
				SWIFT_VERSION = 5.0;
				TARGETED_DEVICE_FAMILY = "1,2";
			};
			name = Debug;
		};
		3686A1B02AFCC0F5007A17A9 /* Release */ = {
			isa = XCBuildConfiguration;
			buildSettings = {
				ASSETCATALOG_COMPILER_APPICON_NAME = AppIcon;
				ASSETCATALOG_COMPILER_GLOBAL_ACCENT_COLOR_NAME = AccentColor;
				CODE_SIGN_STYLE = Automatic;
				CURRENT_PROJECT_VERSION = 1;
				GENERATE_INFOPLIST_FILE = YES;
				INFOPLIST_FILE = weather/Info.plist;
				INFOPLIST_KEY_UIApplicationSupportsIndirectInputEvents = YES;
				INFOPLIST_KEY_UILaunchStoryboardName = LaunchScreen;
				INFOPLIST_KEY_UIMainStoryboardFile = Main;
				INFOPLIST_KEY_UISupportedInterfaceOrientations_iPad = "UIInterfaceOrientationPortrait UIInterfaceOrientationPortraitUpsideDown UIInterfaceOrientationLandscapeLeft UIInterfaceOrientationLandscapeRight";
				INFOPLIST_KEY_UISupportedInterfaceOrientations_iPhone = "UIInterfaceOrientationPortrait UIInterfaceOrientationLandscapeLeft UIInterfaceOrientationLandscapeRight";
				LD_RUNPATH_SEARCH_PATHS = (
					"$(inherited)",
					"@executable_path/Frameworks",
				);
				MARKETING_VERSION = 1.0;
				PRODUCT_BUNDLE_IDENTIFIER = okeoke.weather;
				PRODUCT_NAME = "$(TARGET_NAME)";
				SWIFT_EMIT_LOC_STRINGS = YES;
				SWIFT_VERSION = 5.0;
				TARGETED_DEVICE_FAMILY = "1,2";
			};
			name = Release;
		};
		3686A1B22AFCC0F5007A17A9 /* Debug */ = {
			isa = XCBuildConfiguration;
			buildSettings = {
				ALWAYS_EMBED_SWIFT_STANDARD_LIBRARIES = YES;
				BUNDLE_LOADER = "$(TEST_HOST)";
				CODE_SIGN_STYLE = Automatic;
				CURRENT_PROJECT_VERSION = 1;
				GENERATE_INFOPLIST_FILE = YES;
				IPHONEOS_DEPLOYMENT_TARGET = 16.2;
				MARKETING_VERSION = 1.0;
				PRODUCT_BUNDLE_IDENTIFIER = okeoke.weatherTests;
				PRODUCT_NAME = "$(TARGET_NAME)";
				SWIFT_EMIT_LOC_STRINGS = NO;
				SWIFT_VERSION = 5.0;
				TARGETED_DEVICE_FAMILY = "1,2";
				TEST_HOST = "$(BUILT_PRODUCTS_DIR)/weather.app/$(BUNDLE_EXECUTABLE_FOLDER_PATH)/weather";
			};
			name = Debug;
		};
		3686A1B32AFCC0F5007A17A9 /* Release */ = {
			isa = XCBuildConfiguration;
			buildSettings = {
				ALWAYS_EMBED_SWIFT_STANDARD_LIBRARIES = YES;
				BUNDLE_LOADER = "$(TEST_HOST)";
				CODE_SIGN_STYLE = Automatic;
				CURRENT_PROJECT_VERSION = 1;
				GENERATE_INFOPLIST_FILE = YES;
				IPHONEOS_DEPLOYMENT_TARGET = 16.2;
				MARKETING_VERSION = 1.0;
				PRODUCT_BUNDLE_IDENTIFIER = okeoke.weatherTests;
				PRODUCT_NAME = "$(TARGET_NAME)";
				SWIFT_EMIT_LOC_STRINGS = NO;
				SWIFT_VERSION = 5.0;
				TARGETED_DEVICE_FAMILY = "1,2";
				TEST_HOST = "$(BUILT_PRODUCTS_DIR)/weather.app/$(BUNDLE_EXECUTABLE_FOLDER_PATH)/weather";
			};
			name = Release;
		};
		3686A1B52AFCC0F5007A17A9 /* Debug */ = {
			isa = XCBuildConfiguration;
			buildSettings = {
				ALWAYS_EMBED_SWIFT_STANDARD_LIBRARIES = YES;
				CODE_SIGN_STYLE = Automatic;
				CURRENT_PROJECT_VERSION = 1;
				GENERATE_INFOPLIST_FILE = YES;
				MARKETING_VERSION = 1.0;
				PRODUCT_BUNDLE_IDENTIFIER = okeoke.weatherUITests;
				PRODUCT_NAME = "$(TARGET_NAME)";
				SWIFT_EMIT_LOC_STRINGS = NO;
				SWIFT_VERSION = 5.0;
				TARGETED_DEVICE_FAMILY = "1,2";
				TEST_TARGET_NAME = weather;
			};
			name = Debug;
		};
		3686A1B62AFCC0F5007A17A9 /* Release */ = {
			isa = XCBuildConfiguration;
			buildSettings = {
				ALWAYS_EMBED_SWIFT_STANDARD_LIBRARIES = YES;
				CODE_SIGN_STYLE = Automatic;
				CURRENT_PROJECT_VERSION = 1;
				GENERATE_INFOPLIST_FILE = YES;
				MARKETING_VERSION = 1.0;
				PRODUCT_BUNDLE_IDENTIFIER = okeoke.weatherUITests;
				PRODUCT_NAME = "$(TARGET_NAME)";
				SWIFT_EMIT_LOC_STRINGS = NO;
				SWIFT_VERSION = 5.0;
				TARGETED_DEVICE_FAMILY = "1,2";
				TEST_TARGET_NAME = weather;
			};
			name = Release;
		};
/* End XCBuildConfiguration section */

/* Begin XCConfigurationList section */
		3686A17C2AFCC0F3007A17A9 /* Build configuration list for PBXProject "weather" */ = {
			isa = XCConfigurationList;
			buildConfigurations = (
				3686A1AC2AFCC0F5007A17A9 /* Debug */,
				3686A1AD2AFCC0F5007A17A9 /* Release */,
			);
			defaultConfigurationIsVisible = 0;
			defaultConfigurationName = Release;
		};
		3686A1AE2AFCC0F5007A17A9 /* Build configuration list for PBXNativeTarget "weather" */ = {
			isa = XCConfigurationList;
			buildConfigurations = (
				3686A1AF2AFCC0F5007A17A9 /* Debug */,
				3686A1B02AFCC0F5007A17A9 /* Release */,
			);
			defaultConfigurationIsVisible = 0;
			defaultConfigurationName = Release;
		};
		3686A1B12AFCC0F5007A17A9 /* Build configuration list for PBXNativeTarget "weatherTests" */ = {
			isa = XCConfigurationList;
			buildConfigurations = (
				3686A1B22AFCC0F5007A17A9 /* Debug */,
				3686A1B32AFCC0F5007A17A9 /* Release */,
			);
			defaultConfigurationIsVisible = 0;
			defaultConfigurationName = Release;
		};
		3686A1B42AFCC0F5007A17A9 /* Build configuration list for PBXNativeTarget "weatherUITests" */ = {
			isa = XCConfigurationList;
			buildConfigurations = (
				3686A1B52AFCC0F5007A17A9 /* Debug */,
				3686A1B62AFCC0F5007A17A9 /* Release */,
			);
			defaultConfigurationIsVisible = 0;
			defaultConfigurationName = Release;
		};
/* End XCConfigurationList section */

/* Begin XCVersionGroup section */
		3686A18D2AFCC0F3007A17A9 /* weather.xcdatamodeld */ = {
			isa = XCVersionGroup;
			children = (
				3686A18E2AFCC0F3007A17A9 /* weather.xcdatamodel */,
			);
			currentVersion = 3686A18E2AFCC0F3007A17A9 /* weather.xcdatamodel */;
			path = weather.xcdatamodeld;
			sourceTree = "<group>";
			versionGroupType = wrapper.xcdatamodel;
		};
/* End XCVersionGroup section */
	};
	rootObject = 3686A1792AFCC0F3007A17A9 /* Project object */;
}
