{
  "pins" : [
    {
      "identity" : "kingfisher",
      "kind" : "remoteSourceControl",
      "location" : "https://github.com/onevcat/Kingfisher.git",
      "state" : {
        "branch" : "master",
        "revision" : "287da2589f4204a7571000d846900c61abe65540"
      }
    }
  ],
  "version" : 2
}
