// !$*UTF8*$!
{
	archiveVersion = 1;
	classes = {
	};
	objectVersion = 56;
	objects = {

/* Begin PBXBuildFile section */
		19E85AA1A336D9B30250F44E /* Pods_MusicApp_MusicAppUITests.framework in Frameworks */ = {isa = PBXBuildFile; fileRef = 4249A96DC1233338DF2ED940 /* Pods_MusicApp_MusicAppUITests.framework */; };
		36405C402B20142F008EB012 /* ApiManager.swift in Sources */ = {isa = PBXBuildFile; fileRef = 36405C3F2B20142F008EB012 /* ApiManager.swift */; };
		36405C442B20148A008EB012 /* LoginViewController.swift in Sources */ = {isa = PBXBuildFile; fileRef = 36405C422B20148A008EB012 /* LoginViewController.swift */; };
		36405C452B20148A008EB012 /* LoginViewController.xib in Resources */ = {isa = PBXBuildFile; fileRef = 36405C432B20148A008EB012 /* LoginViewController.xib */; };
		36405C4A2B2014FE008EB012 /* SignUPViewController.swift in Sources */ = {isa = PBXBuildFile; fileRef = 36405C482B2014FE008EB012 /* SignUPViewController.swift */; };
		36405C4B2B2014FE008EB012 /* SignUPViewController.xib in Resources */ = {isa = PBXBuildFile; fileRef = 36405C492B2014FE008EB012 /* SignUPViewController.xib */; };
		36405C4E2B201548008EB012 /* MainTabBar.swift in Sources */ = {isa = PBXBuildFile; fileRef = 36405C4D2B201548008EB012 /* MainTabBar.swift */; };
		36405C502B201587008EB012 /* constrant.swift in Sources */ = {isa = PBXBuildFile; fileRef = 36405C4F2B201587008EB012 /* constrant.swift */; };
		36405C542B202E7E008EB012 /* GoogleService-Info.plist in Resources */ = {isa = PBXBuildFile; fileRef = 36405C532B202E7E008EB012 /* GoogleService-Info.plist */; };
		36405C582B2155DA008EB012 /* ProfileViewController.swift in Sources */ = {isa = PBXBuildFile; fileRef = 36405C562B2155DA008EB012 /* ProfileViewController.swift */; };
		36405C592B2155DA008EB012 /* ProfileViewController.xib in Resources */ = {isa = PBXBuildFile; fileRef = 36405C572B2155DA008EB012 /* ProfileViewController.xib */; };
		36405C5E2B215B75008EB012 /* ProfileTableViewCell.swift in Sources */ = {isa = PBXBuildFile; fileRef = 36405C5C2B215B75008EB012 /* ProfileTableViewCell.swift */; };
		36405C5F2B215B75008EB012 /* ProfileTableViewCell.xib in Resources */ = {isa = PBXBuildFile; fileRef = 36405C5D2B215B75008EB012 /* ProfileTableViewCell.xib */; };
		36405C612B215EB1008EB012 /* ProfileViewModel.swift in Sources */ = {isa = PBXBuildFile; fileRef = 36405C602B215EB1008EB012 /* ProfileViewModel.swift */; };
		36405C652B21684C008EB012 /* EditViewController.swift in Sources */ = {isa = PBXBuildFile; fileRef = 36405C632B21684C008EB012 /* EditViewController.swift */; };
		36405C662B21684C008EB012 /* EditViewController.xib in Resources */ = {isa = PBXBuildFile; fileRef = 36405C642B21684C008EB012 /* EditViewController.xib */; };
		36405C6A2B217304008EB012 /* HomeViewController.swift in Sources */ = {isa = PBXBuildFile; fileRef = 36405C682B217304008EB012 /* HomeViewController.swift */; };
		36405C6B2B217304008EB012 /* HomeViewController.xib in Resources */ = {isa = PBXBuildFile; fileRef = 36405C692B217304008EB012 /* HomeViewController.xib */; };
		36405C6F2B217456008EB012 /* HomeTableViewCell.swift in Sources */ = {isa = PBXBuildFile; fileRef = 36405C6D2B217456008EB012 /* HomeTableViewCell.swift */; };
		36405C702B217456008EB012 /* HomeTableViewCell.xib in Resources */ = {isa = PBXBuildFile; fileRef = 36405C6E2B217456008EB012 /* HomeTableViewCell.xib */; };
		36405C742B21752F008EB012 /* SectionFirstViewCell.swift in Sources */ = {isa = PBXBuildFile; fileRef = 36405C722B21752F008EB012 /* SectionFirstViewCell.swift */; };
		36405C752B21752F008EB012 /* SectionFirstViewCell.xib in Resources */ = {isa = PBXBuildFile; fileRef = 36405C732B21752F008EB012 /* SectionFirstViewCell.xib */; };
		36405C792B217561008EB012 /* SectionFirstViewCollection.swift in Sources */ = {isa = PBXBuildFile; fileRef = 36405C772B217561008EB012 /* SectionFirstViewCollection.swift */; };
		36405C7A2B217561008EB012 /* SectionFirstViewCollection.xib in Resources */ = {isa = PBXBuildFile; fileRef = 36405C782B217561008EB012 /* SectionFirstViewCollection.xib */; };
		36405C7C2B21767A008EB012 /* ExtTable.swift in Sources */ = {isa = PBXBuildFile; fileRef = 36405C7B2B21767A008EB012 /* ExtTable.swift */; };
		36405C802B2177B6008EB012 /* SectionSecondViewCell.swift in Sources */ = {isa = PBXBuildFile; fileRef = 36405C7E2B2177B6008EB012 /* SectionSecondViewCell.swift */; };
		36405C812B2177B6008EB012 /* SectionSecondViewCell.xib in Resources */ = {isa = PBXBuildFile; fileRef = 36405C7F2B2177B6008EB012 /* SectionSecondViewCell.xib */; };
		36405C852B2177E0008EB012 /* SectionSecondViewCollection.swift in Sources */ = {isa = PBXBuildFile; fileRef = 36405C832B2177E0008EB012 /* SectionSecondViewCollection.swift */; };
		36405C862B2177E0008EB012 /* SectionSecondViewCollection.xib in Resources */ = {isa = PBXBuildFile; fileRef = 36405C842B2177E0008EB012 /* SectionSecondViewCollection.xib */; };
		36405C8A2B217829008EB012 /* SectionThirdViewCell.swift in Sources */ = {isa = PBXBuildFile; fileRef = 36405C882B217829008EB012 /* SectionThirdViewCell.swift */; };
		36405C8B2B217829008EB012 /* SectionThirdViewCell.xib in Resources */ = {isa = PBXBuildFile; fileRef = 36405C892B217829008EB012 /* SectionThirdViewCell.xib */; };
		36405C8F2B217861008EB012 /* SectionThirdViewCollection.swift in Sources */ = {isa = PBXBuildFile; fileRef = 36405C8D2B217861008EB012 /* SectionThirdViewCollection.swift */; };
		36405C902B217861008EB012 /* SectionThirdViewCollection.xib in Resources */ = {isa = PBXBuildFile; fileRef = 36405C8E2B217861008EB012 /* SectionThirdViewCollection.xib */; };
		36405C942B21788B008EB012 /* SectionFourViewCell.swift in Sources */ = {isa = PBXBuildFile; fileRef = 36405C922B21788B008EB012 /* SectionFourViewCell.swift */; };
		36405C952B21788B008EB012 /* SectionFourViewCell.xib in Resources */ = {isa = PBXBuildFile; fileRef = 36405C932B21788B008EB012 /* SectionFourViewCell.xib */; };
		36405C992B2178AD008EB012 /* SectionFourViewCollection.swift in Sources */ = {isa = PBXBuildFile; fileRef = 36405C972B2178AD008EB012 /* SectionFourViewCollection.swift */; };
		36405C9A2B2178AD008EB012 /* SectionFourViewCollection.xib in Resources */ = {isa = PBXBuildFile; fileRef = 36405C982B2178AD008EB012 /* SectionFourViewCollection.xib */; };
		36405C9C2B218622008EB012 /* ExtCollection.swift in Sources */ = {isa = PBXBuildFile; fileRef = 36405C9B2B218622008EB012 /* ExtCollection.swift */; };
		36405CA02B21B794008EB012 /* SearchViewController.swift in Sources */ = {isa = PBXBuildFile; fileRef = 36405C9E2B21B794008EB012 /* SearchViewController.swift */; };
		36405CA12B21B794008EB012 /* SearchViewController.xib in Resources */ = {isa = PBXBuildFile; fileRef = 36405C9F2B21B794008EB012 /* SearchViewController.xib */; };
		36405CA72B21BF7C008EB012 /* TopGenresTableCell.swift in Sources */ = {isa = PBXBuildFile; fileRef = 36405CA52B21BF7C008EB012 /* TopGenresTableCell.swift */; };
		36405CA82B21BF7C008EB012 /* TopGenresTableCell.xib in Resources */ = {isa = PBXBuildFile; fileRef = 36405CA62B21BF7C008EB012 /* TopGenresTableCell.xib */; };
		36405CAB2B21BFAA008EB012 /* TopGenresCollection.swift in Sources */ = {isa = PBXBuildFile; fileRef = 36405CA92B21BFAA008EB012 /* TopGenresCollection.swift */; };
		36405CAC2B21BFAA008EB012 /* TopGenresCollection.xib in Resources */ = {isa = PBXBuildFile; fileRef = 36405CAA2B21BFAA008EB012 /* TopGenresCollection.xib */; };
		36405CB02B269B42008EB012 /* PopularArtistCell.swift in Sources */ = {isa = PBXBuildFile; fileRef = 36405CAE2B269B42008EB012 /* PopularArtistCell.swift */; };
		36405CB12B269B42008EB012 /* PopularArtistCell.xib in Resources */ = {isa = PBXBuildFile; fileRef = 36405CAF2B269B42008EB012 /* PopularArtistCell.xib */; };
		36405CB52B269B79008EB012 /* PopularArtistCollection.swift in Sources */ = {isa = PBXBuildFile; fileRef = 36405CB32B269B79008EB012 /* PopularArtistCollection.swift */; };
		36405CB62B269B79008EB012 /* PopularArtistCollection.xib in Resources */ = {isa = PBXBuildFile; fileRef = 36405CB42B269B79008EB012 /* PopularArtistCollection.xib */; };
		36405CBA2B26A3C4008EB012 /* BrowseCell.swift in Sources */ = {isa = PBXBuildFile; fileRef = 36405CB82B26A3C3008EB012 /* BrowseCell.swift */; };
		36405CBB2B26A3C4008EB012 /* BrowseCell.xib in Resources */ = {isa = PBXBuildFile; fileRef = 36405CB92B26A3C3008EB012 /* BrowseCell.xib */; };
		36405CBF2B26A3E9008EB012 /* BrowseCollection.swift in Sources */ = {isa = PBXBuildFile; fileRef = 36405CBD2B26A3E9008EB012 /* BrowseCollection.swift */; };
		36405CC02B26A3E9008EB012 /* BrowseCollection.xib in Resources */ = {isa = PBXBuildFile; fileRef = 36405CBE2B26A3E9008EB012 /* BrowseCollection.xib */; };
		36405CC42B26E83F008EB012 /* DetailViewController.swift in Sources */ = {isa = PBXBuildFile; fileRef = 36405CC22B26E83F008EB012 /* DetailViewController.swift */; };
		36405CC52B26E83F008EB012 /* DetailViewController.xib in Resources */ = {isa = PBXBuildFile; fileRef = 36405CC32B26E83F008EB012 /* DetailViewController.xib */; };
		36405CC92B26ED0F008EB012 /* DetailViewCell.swift in Sources */ = {isa = PBXBuildFile; fileRef = 36405CC72B26ED0F008EB012 /* DetailViewCell.swift */; };
		36405CCA2B26ED0F008EB012 /* DetailViewCell.xib in Resources */ = {isa = PBXBuildFile; fileRef = 36405CC82B26ED0F008EB012 /* DetailViewCell.xib */; };
		36405CCE2B271056008EB012 /* SplashViewController.swift in Sources */ = {isa = PBXBuildFile; fileRef = 36405CCC2B271056008EB012 /* SplashViewController.swift */; };
		36405CCF2B271056008EB012 /* SplashViewController.xib in Resources */ = {isa = PBXBuildFile; fileRef = 36405CCD2B271056008EB012 /* SplashViewController.xib */; };
		36405CD12B27E8C6008EB012 /* AllMusicApiModel.swift in Sources */ = {isa = PBXBuildFile; fileRef = 36405CD02B27E8C6008EB012 /* AllMusicApiModel.swift */; };
		36405CDD2B27FECD008EB012 /* PlayedMusicViewController.swift in Sources */ = {isa = PBXBuildFile; fileRef = 36405CDB2B27FECD008EB012 /* PlayedMusicViewController.swift */; };
		36405CDE2B27FECD008EB012 /* PlayedMusicViewController.xib in Resources */ = {isa = PBXBuildFile; fileRef = 36405CDC2B27FECD008EB012 /* PlayedMusicViewController.xib */; };
		36405CE22B28099E008EB012 /* CollectionMusicVC.swift in Sources */ = {isa = PBXBuildFile; fileRef = 36405CE02B28099E008EB012 /* CollectionMusicVC.swift */; };
		36405CE32B28099E008EB012 /* CollectionMusicVC.xib in Resources */ = {isa = PBXBuildFile; fileRef = 36405CE12B28099E008EB012 /* CollectionMusicVC.xib */; };
		36405CE72B280C2B008EB012 /* CmTableViewCell.swift in Sources */ = {isa = PBXBuildFile; fileRef = 36405CE52B280C2B008EB012 /* CmTableViewCell.swift */; };
		36405CE82B280C2B008EB012 /* CmTableViewCell.xib in Resources */ = {isa = PBXBuildFile; fileRef = 36405CE62B280C2B008EB012 /* CmTableViewCell.xib */; };
		36405CEC2B284322008EB012 /* CategoryViewController.swift in Sources */ = {isa = PBXBuildFile; fileRef = 36405CEA2B284322008EB012 /* CategoryViewController.swift */; };
		36405CED2B284322008EB012 /* CategoryViewController.xib in Resources */ = {isa = PBXBuildFile; fileRef = 36405CEB2B284322008EB012 /* CategoryViewController.xib */; };
		36405CF32B2845FF008EB012 /* TopViewCell.swift in Sources */ = {isa = PBXBuildFile; fileRef = 36405CF12B2845FF008EB012 /* TopViewCell.swift */; };
		36405CF42B2845FF008EB012 /* TopViewCell.xib in Resources */ = {isa = PBXBuildFile; fileRef = 36405CF22B2845FF008EB012 /* TopViewCell.xib */; };
		36405CF72B284627008EB012 /* BodyViewCell.swift in Sources */ = {isa = PBXBuildFile; fileRef = 36405CF52B284627008EB012 /* BodyViewCell.swift */; };
		36405CF82B284627008EB012 /* BodyViewCell.xib in Resources */ = {isa = PBXBuildFile; fileRef = 36405CF62B284627008EB012 /* BodyViewCell.xib */; };
		36405D002B284983008EB012 /* TopCollection.swift in Sources */ = {isa = PBXBuildFile; fileRef = 36405CFE2B284983008EB012 /* TopCollection.swift */; };
		36405D012B284983008EB012 /* TopCollection.xib in Resources */ = {isa = PBXBuildFile; fileRef = 36405CFF2B284983008EB012 /* TopCollection.xib */; };
		36405D052B2849B1008EB012 /* BodyCollection.swift in Sources */ = {isa = PBXBuildFile; fileRef = 36405D032B2849B1008EB012 /* BodyCollection.swift */; };
		36405D062B2849B1008EB012 /* BodyCollection.xib in Resources */ = {isa = PBXBuildFile; fileRef = 36405D042B2849B1008EB012 /* BodyCollection.xib */; };
		36D163BC2B1F18A9000D9977 /* AppDelegate.swift in Sources */ = {isa = PBXBuildFile; fileRef = 36D163BB2B1F18A9000D9977 /* AppDelegate.swift */; };
		36D163BE2B1F18A9000D9977 /* SceneDelegate.swift in Sources */ = {isa = PBXBuildFile; fileRef = 36D163BD2B1F18A9000D9977 /* SceneDelegate.swift */; };
		36D163C02B1F18A9000D9977 /* ViewController.swift in Sources */ = {isa = PBXBuildFile; fileRef = 36D163BF2B1F18A9000D9977 /* ViewController.swift */; };
		36D163C32B1F18A9000D9977 /* Main.storyboard in Resources */ = {isa = PBXBuildFile; fileRef = 36D163C12B1F18A9000D9977 /* Main.storyboard */; };
		36D163C62B1F18A9000D9977 /* MusicApp.xcdatamodeld in Sources */ = {isa = PBXBuildFile; fileRef = 36D163C42B1F18A9000D9977 /* MusicApp.xcdatamodeld */; };
		36D163C82B1F18AB000D9977 /* Assets.xcassets in Resources */ = {isa = PBXBuildFile; fileRef = 36D163C72B1F18AB000D9977 /* Assets.xcassets */; };
		36D163CB2B1F18AB000D9977 /* LaunchScreen.storyboard in Resources */ = {isa = PBXBuildFile; fileRef = 36D163C92B1F18AB000D9977 /* LaunchScreen.storyboard */; };
		36D163D62B1F18AB000D9977 /* MusicAppTests.swift in Sources */ = {isa = PBXBuildFile; fileRef = 36D163D52B1F18AB000D9977 /* MusicAppTests.swift */; };
		36D163E02B1F18AB000D9977 /* MusicAppUITests.swift in Sources */ = {isa = PBXBuildFile; fileRef = 36D163DF2B1F18AB000D9977 /* MusicAppUITests.swift */; };
		36D163E22B1F18AB000D9977 /* MusicAppUITestsLaunchTests.swift in Sources */ = {isa = PBXBuildFile; fileRef = 36D163E12B1F18AB000D9977 /* MusicAppUITestsLaunchTests.swift */; };
		36D163FB2B200061000D9977 /* MusicViewController.swift in Sources */ = {isa = PBXBuildFile; fileRef = 36D163F02B200060000D9977 /* MusicViewController.swift */; };
		36D163FC2B200061000D9977 /* MusicColViewCell.xib in Resources */ = {isa = PBXBuildFile; fileRef = 36D163F32B200060000D9977 /* MusicColViewCell.xib */; };
		36D163FD2B200061000D9977 /* MusicColViewCell.swift in Sources */ = {isa = PBXBuildFile; fileRef = 36D163F42B200060000D9977 /* MusicColViewCell.swift */; };
		36D163FE2B200061000D9977 /* MusicTableViewCell.swift in Sources */ = {isa = PBXBuildFile; fileRef = 36D163F52B200060000D9977 /* MusicTableViewCell.swift */; };
		36D163FF2B200061000D9977 /* MusicTableViewCell.xib in Resources */ = {isa = PBXBuildFile; fileRef = 36D163F62B200060000D9977 /* MusicTableViewCell.xib */; };
		36D164002B200061000D9977 /* ColdplayApiModel.swift in Sources */ = {isa = PBXBuildFile; fileRef = 36D163F92B200060000D9977 /* ColdplayApiModel.swift */; };
		36D164042B20031E000D9977 /* Kingfisher in Frameworks */ = {isa = PBXBuildFile; productRef = 36D164032B20031E000D9977 /* Kingfisher */; };
		36D164062B200819000D9977 /* MusicViewController.xib in Resources */ = {isa = PBXBuildFile; fileRef = 36D164052B200818000D9977 /* MusicViewController.xib */; };
		C5A6D67454CCD03CB767DE20 /* Pods_MusicAppTests.framework in Frameworks */ = {isa = PBXBuildFile; fileRef = 4DBD72FFE7B4759F84931076 /* Pods_MusicAppTests.framework */; };
		E6B3073CEEF1C2B853FD2DE6 /* Pods_MusicApp.framework in Frameworks */ = {isa = PBXBuildFile; fileRef = 839A3BA5FEC6E22007830118 /* Pods_MusicApp.framework */; };
/* End PBXBuildFile section */

/* Begin PBXContainerItemProxy section */
		36D163D22B1F18AB000D9977 /* PBXContainerItemProxy */ = {
			isa = PBXContainerItemProxy;
			containerPortal = 36D163B02B1F18A9000D9977 /* Project object */;
			proxyType = 1;
			remoteGlobalIDString = 36D163B72B1F18A9000D9977;
			remoteInfo = MusicApp;
		};
		36D163DC2B1F18AB000D9977 /* PBXContainerItemProxy */ = {
			isa = PBXContainerItemProxy;
			containerPortal = 36D163B02B1F18A9000D9977 /* Project object */;
			proxyType = 1;
			remoteGlobalIDString = 36D163B72B1F18A9000D9977;
			remoteInfo = MusicApp;
		};
/* End PBXContainerItemProxy section */

/* Begin PBXFileReference section */
		1D10648D2AEB611D046F443D /* Pods-MusicApp.release.xcconfig */ = {isa = PBXFileReference; includeInIndex = 1; lastKnownFileType = text.xcconfig; name = "Pods-MusicApp.release.xcconfig"; path = "Target Support Files/Pods-MusicApp/Pods-MusicApp.release.xcconfig"; sourceTree = "<group>"; };
		26AA200800C7F8DC38C11937 /* Pods-MusicAppTests.debug.xcconfig */ = {isa = PBXFileReference; includeInIndex = 1; lastKnownFileType = text.xcconfig; name = "Pods-MusicAppTests.debug.xcconfig"; path = "Target Support Files/Pods-MusicAppTests/Pods-MusicAppTests.debug.xcconfig"; sourceTree = "<group>"; };
		36405C3F2B20142F008EB012 /* ApiManager.swift */ = {isa = PBXFileReference; fileEncoding = 4; lastKnownFileType = sourcecode.swift; name = ApiManager.swift; path = ../../../../animalswiki/animalswiki/Common/Network/ApiManager.swift; sourceTree = "<group>"; };
		36405C422B20148A008EB012 /* LoginViewController.swift */ = {isa = PBXFileReference; lastKnownFileType = sourcecode.swift; path = LoginViewController.swift; sourceTree = "<group>"; };
		36405C432B20148A008EB012 /* LoginViewController.xib */ = {isa = PBXFileReference; lastKnownFileType = file.xib; path = LoginViewController.xib; sourceTree = "<group>"; };
		36405C482B2014FE008EB012 /* SignUPViewController.swift */ = {isa = PBXFileReference; lastKnownFileType = sourcecode.swift; path = SignUPViewController.swift; sourceTree = "<group>"; };
		36405C492B2014FE008EB012 /* SignUPViewController.xib */ = {isa = PBXFileReference; lastKnownFileType = file.xib; path = SignUPViewController.xib; sourceTree = "<group>"; };
		36405C4D2B201548008EB012 /* MainTabBar.swift */ = {isa = PBXFileReference; fileEncoding = 4; lastKnownFileType = sourcecode.swift; path = MainTabBar.swift; sourceTree = "<group>"; };
		36405C4F2B201587008EB012 /* constrant.swift */ = {isa = PBXFileReference; fileEncoding = 4; lastKnownFileType = sourcecode.swift; name = constrant.swift; path = ../../../animalswiki/animalswiki/Common/constrant.swift; sourceTree = "<group>"; };
		36405C532B202E7E008EB012 /* GoogleService-Info.plist */ = {isa = PBXFileReference; fileEncoding = 4; lastKnownFileType = text.plist.xml; name = "GoogleService-Info.plist"; path = "../../../../../../Desktop/GoogleService-Info.plist"; sourceTree = "<group>"; };
		36405C562B2155DA008EB012 /* ProfileViewController.swift */ = {isa = PBXFileReference; lastKnownFileType = sourcecode.swift; path = ProfileViewController.swift; sourceTree = "<group>"; };
		36405C572B2155DA008EB012 /* ProfileViewController.xib */ = {isa = PBXFileReference; lastKnownFileType = file.xib; path = ProfileViewController.xib; sourceTree = "<group>"; };
		36405C5C2B215B75008EB012 /* ProfileTableViewCell.swift */ = {isa = PBXFileReference; lastKnownFileType = sourcecode.swift; path = ProfileTableViewCell.swift; sourceTree = "<group>"; };
		36405C5D2B215B75008EB012 /* ProfileTableViewCell.xib */ = {isa = PBXFileReference; lastKnownFileType = file.xib; path = ProfileTableViewCell.xib; sourceTree = "<group>"; };
		36405C602B215EB1008EB012 /* ProfileViewModel.swift */ = {isa = PBXFileReference; lastKnownFileType = sourcecode.swift; path = ProfileViewModel.swift; sourceTree = "<group>"; };
		36405C632B21684C008EB012 /* EditViewController.swift */ = {isa = PBXFileReference; lastKnownFileType = sourcecode.swift; path = EditViewController.swift; sourceTree = "<group>"; };
		36405C642B21684C008EB012 /* EditViewController.xib */ = {isa = PBXFileReference; lastKnownFileType = file.xib; path = EditViewController.xib; sourceTree = "<group>"; };
		36405C682B217304008EB012 /* HomeViewController.swift */ = {isa = PBXFileReference; lastKnownFileType = sourcecode.swift; path = HomeViewController.swift; sourceTree = "<group>"; };
		36405C692B217304008EB012 /* HomeViewController.xib */ = {isa = PBXFileReference; lastKnownFileType = file.xib; path = HomeViewController.xib; sourceTree = "<group>"; };
		36405C6D2B217456008EB012 /* HomeTableViewCell.swift */ = {isa = PBXFileReference; lastKnownFileType = sourcecode.swift; path = HomeTableViewCell.swift; sourceTree = "<group>"; };
		36405C6E2B217456008EB012 /* HomeTableViewCell.xib */ = {isa = PBXFileReference; lastKnownFileType = file.xib; path = HomeTableViewCell.xib; sourceTree = "<group>"; };
		36405C722B21752F008EB012 /* SectionFirstViewCell.swift */ = {isa = PBXFileReference; lastKnownFileType = sourcecode.swift; path = SectionFirstViewCell.swift; sourceTree = "<group>"; };
		36405C732B21752F008EB012 /* SectionFirstViewCell.xib */ = {isa = PBXFileReference; lastKnownFileType = file.xib; path = SectionFirstViewCell.xib; sourceTree = "<group>"; };
		36405C772B217561008EB012 /* SectionFirstViewCollection.swift */ = {isa = PBXFileReference; lastKnownFileType = sourcecode.swift; path = SectionFirstViewCollection.swift; sourceTree = "<group>"; };
		36405C782B217561008EB012 /* SectionFirstViewCollection.xib */ = {isa = PBXFileReference; lastKnownFileType = file.xib; path = SectionFirstViewCollection.xib; sourceTree = "<group>"; };
		36405C7B2B21767A008EB012 /* ExtTable.swift */ = {isa = PBXFileReference; fileEncoding = 4; lastKnownFileType = sourcecode.swift; name = ExtTable.swift; path = ../../../animalswiki/animalswiki/Common/ExtTable.swift; sourceTree = "<group>"; };
		36405C7E2B2177B6008EB012 /* SectionSecondViewCell.swift */ = {isa = PBXFileReference; lastKnownFileType = sourcecode.swift; path = SectionSecondViewCell.swift; sourceTree = "<group>"; };
		36405C7F2B2177B6008EB012 /* SectionSecondViewCell.xib */ = {isa = PBXFileReference; lastKnownFileType = file.xib; path = SectionSecondViewCell.xib; sourceTree = "<group>"; };
		36405C832B2177E0008EB012 /* SectionSecondViewCollection.swift */ = {isa = PBXFileReference; lastKnownFileType = sourcecode.swift; path = SectionSecondViewCollection.swift; sourceTree = "<group>"; };
		36405C842B2177E0008EB012 /* SectionSecondViewCollection.xib */ = {isa = PBXFileReference; lastKnownFileType = file.xib; path = SectionSecondViewCollection.xib; sourceTree = "<group>"; };
		36405C882B217829008EB012 /* SectionThirdViewCell.swift */ = {isa = PBXFileReference; lastKnownFileType = sourcecode.swift; path = SectionThirdViewCell.swift; sourceTree = "<group>"; };
		36405C892B217829008EB012 /* SectionThirdViewCell.xib */ = {isa = PBXFileReference; lastKnownFileType = file.xib; path = SectionThirdViewCell.xib; sourceTree = "<group>"; };
		36405C8D2B217861008EB012 /* SectionThirdViewCollection.swift */ = {isa = PBXFileReference; lastKnownFileType = sourcecode.swift; path = SectionThirdViewCollection.swift; sourceTree = "<group>"; };
		36405C8E2B217861008EB012 /* SectionThirdViewCollection.xib */ = {isa = PBXFileReference; lastKnownFileType = file.xib; path = SectionThirdViewCollection.xib; sourceTree = "<group>"; };
		36405C922B21788B008EB012 /* SectionFourViewCell.swift */ = {isa = PBXFileReference; lastKnownFileType = sourcecode.swift; path = SectionFourViewCell.swift; sourceTree = "<group>"; };
		36405C932B21788B008EB012 /* SectionFourViewCell.xib */ = {isa = PBXFileReference; lastKnownFileType = file.xib; path = SectionFourViewCell.xib; sourceTree = "<group>"; };
		36405C972B2178AD008EB012 /* SectionFourViewCollection.swift */ = {isa = PBXFileReference; lastKnownFileType = sourcecode.swift; path = SectionFourViewCollection.swift; sourceTree = "<group>"; };
		36405C982B2178AD008EB012 /* SectionFourViewCollection.xib */ = {isa = PBXFileReference; lastKnownFileType = file.xib; path = SectionFourViewCollection.xib; sourceTree = "<group>"; };
		36405C9B2B218622008EB012 /* ExtCollection.swift */ = {isa = PBXFileReference; fileEncoding = 4; lastKnownFileType = sourcecode.swift; name = ExtCollection.swift; path = ../../../animalswiki/animalswiki/Common/ExtCollection.swift; sourceTree = "<group>"; };
		36405C9E2B21B794008EB012 /* SearchViewController.swift */ = {isa = PBXFileReference; lastKnownFileType = sourcecode.swift; path = SearchViewController.swift; sourceTree = "<group>"; };
		36405C9F2B21B794008EB012 /* SearchViewController.xib */ = {isa = PBXFileReference; lastKnownFileType = file.xib; path = SearchViewController.xib; sourceTree = "<group>"; };
		36405CA52B21BF7C008EB012 /* TopGenresTableCell.swift */ = {isa = PBXFileReference; lastKnownFileType = sourcecode.swift; path = TopGenresTableCell.swift; sourceTree = "<group>"; };
		36405CA62B21BF7C008EB012 /* TopGenresTableCell.xib */ = {isa = PBXFileReference; lastKnownFileType = file.xib; path = TopGenresTableCell.xib; sourceTree = "<group>"; };
		36405CA92B21BFAA008EB012 /* TopGenresCollection.swift */ = {isa = PBXFileReference; lastKnownFileType = sourcecode.swift; path = TopGenresCollection.swift; sourceTree = "<group>"; };
		36405CAA2B21BFAA008EB012 /* TopGenresCollection.xib */ = {isa = PBXFileReference; lastKnownFileType = file.xib; path = TopGenresCollection.xib; sourceTree = "<group>"; };
		36405CAE2B269B42008EB012 /* PopularArtistCell.swift */ = {isa = PBXFileReference; lastKnownFileType = sourcecode.swift; path = PopularArtistCell.swift; sourceTree = "<group>"; };
		36405CAF2B269B42008EB012 /* PopularArtistCell.xib */ = {isa = PBXFileReference; lastKnownFileType = file.xib; path = PopularArtistCell.xib; sourceTree = "<group>"; };
		36405CB32B269B79008EB012 /* PopularArtistCollection.swift */ = {isa = PBXFileReference; lastKnownFileType = sourcecode.swift; path = PopularArtistCollection.swift; sourceTree = "<group>"; };
		36405CB42B269B79008EB012 /* PopularArtistCollection.xib */ = {isa = PBXFileReference; lastKnownFileType = file.xib; path = PopularArtistCollection.xib; sourceTree = "<group>"; };
		36405CB82B26A3C3008EB012 /* BrowseCell.swift */ = {isa = PBXFileReference; lastKnownFileType = sourcecode.swift; path = BrowseCell.swift; sourceTree = "<group>"; };
		36405CB92B26A3C3008EB012 /* BrowseCell.xib */ = {isa = PBXFileReference; lastKnownFileType = file.xib; path = BrowseCell.xib; sourceTree = "<group>"; };
		36405CBD2B26A3E9008EB012 /* BrowseCollection.swift */ = {isa = PBXFileReference; lastKnownFileType = sourcecode.swift; path = BrowseCollection.swift; sourceTree = "<group>"; };
		36405CBE2B26A3E9008EB012 /* BrowseCollection.xib */ = {isa = PBXFileReference; lastKnownFileType = file.xib; path = BrowseCollection.xib; sourceTree = "<group>"; };
		36405CC22B26E83F008EB012 /* DetailViewController.swift */ = {isa = PBXFileReference; lastKnownFileType = sourcecode.swift; path = DetailViewController.swift; sourceTree = "<group>"; };
		36405CC32B26E83F008EB012 /* DetailViewController.xib */ = {isa = PBXFileReference; lastKnownFileType = file.xib; path = DetailViewController.xib; sourceTree = "<group>"; };
		36405CC72B26ED0F008EB012 /* DetailViewCell.swift */ = {isa = PBXFileReference; lastKnownFileType = sourcecode.swift; path = DetailViewCell.swift; sourceTree = "<group>"; };
		36405CC82B26ED0F008EB012 /* DetailViewCell.xib */ = {isa = PBXFileReference; lastKnownFileType = file.xib; path = DetailViewCell.xib; sourceTree = "<group>"; };
		36405CCC2B271056008EB012 /* SplashViewController.swift */ = {isa = PBXFileReference; lastKnownFileType = sourcecode.swift; path = SplashViewController.swift; sourceTree = "<group>"; };
		36405CCD2B271056008EB012 /* SplashViewController.xib */ = {isa = PBXFileReference; lastKnownFileType = file.xib; path = SplashViewController.xib; sourceTree = "<group>"; };
		36405CD02B27E8C6008EB012 /* AllMusicApiModel.swift */ = {isa = PBXFileReference; lastKnownFileType = sourcecode.swift; path = AllMusicApiModel.swift; sourceTree = "<group>"; };
		36405CDB2B27FECD008EB012 /* PlayedMusicViewController.swift */ = {isa = PBXFileReference; lastKnownFileType = sourcecode.swift; path = PlayedMusicViewController.swift; sourceTree = "<group>"; };
		36405CDC2B27FECD008EB012 /* PlayedMusicViewController.xib */ = {isa = PBXFileReference; lastKnownFileType = file.xib; path = PlayedMusicViewController.xib; sourceTree = "<group>"; };
		36405CE02B28099E008EB012 /* CollectionMusicVC.swift */ = {isa = PBXFileReference; lastKnownFileType = sourcecode.swift; path = CollectionMusicVC.swift; sourceTree = "<group>"; };
		36405CE12B28099E008EB012 /* CollectionMusicVC.xib */ = {isa = PBXFileReference; lastKnownFileType = file.xib; path = CollectionMusicVC.xib; sourceTree = "<group>"; };
		36405CE52B280C2B008EB012 /* CmTableViewCell.swift */ = {isa = PBXFileReference; lastKnownFileType = sourcecode.swift; path = CmTableViewCell.swift; sourceTree = "<group>"; };
		36405CE62B280C2B008EB012 /* CmTableViewCell.xib */ = {isa = PBXFileReference; lastKnownFileType = file.xib; path = CmTableViewCell.xib; sourceTree = "<group>"; };
		36405CEA2B284322008EB012 /* CategoryViewController.swift */ = {isa = PBXFileReference; lastKnownFileType = sourcecode.swift; path = CategoryViewController.swift; sourceTree = "<group>"; };
		36405CEB2B284322008EB012 /* CategoryViewController.xib */ = {isa = PBXFileReference; lastKnownFileType = file.xib; path = CategoryViewController.xib; sourceTree = "<group>"; };
		36405CF12B2845FF008EB012 /* TopViewCell.swift */ = {isa = PBXFileReference; lastKnownFileType = sourcecode.swift; path = TopViewCell.swift; sourceTree = "<group>"; };
		36405CF22B2845FF008EB012 /* TopViewCell.xib */ = {isa = PBXFileReference; lastKnownFileType = file.xib; path = TopViewCell.xib; sourceTree = "<group>"; };
		36405CF52B284627008EB012 /* BodyViewCell.swift */ = {isa = PBXFileReference; lastKnownFileType = sourcecode.swift; path = BodyViewCell.swift; sourceTree = "<group>"; };
		36405CF62B284627008EB012 /* BodyViewCell.xib */ = {isa = PBXFileReference; lastKnownFileType = file.xib; path = BodyViewCell.xib; sourceTree = "<group>"; };
		36405CFE2B284983008EB012 /* TopCollection.swift */ = {isa = PBXFileReference; lastKnownFileType = sourcecode.swift; path = TopCollection.swift; sourceTree = "<group>"; };
		36405CFF2B284983008EB012 /* TopCollection.xib */ = {isa = PBXFileReference; lastKnownFileType = file.xib; path = TopCollection.xib; sourceTree = "<group>"; };
		36405D032B2849B1008EB012 /* BodyCollection.swift */ = {isa = PBXFileReference; lastKnownFileType = sourcecode.swift; path = BodyCollection.swift; sourceTree = "<group>"; };
		36405D042B2849B1008EB012 /* BodyCollection.xib */ = {isa = PBXFileReference; lastKnownFileType = file.xib; path = BodyCollection.xib; sourceTree = "<group>"; };
		36D163B82B1F18A9000D9977 /* MusicApp.app */ = {isa = PBXFileReference; explicitFileType = wrapper.application; includeInIndex = 0; path = MusicApp.app; sourceTree = BUILT_PRODUCTS_DIR; };
		36D163BB2B1F18A9000D9977 /* AppDelegate.swift */ = {isa = PBXFileReference; lastKnownFileType = sourcecode.swift; path = AppDelegate.swift; sourceTree = "<group>"; };
		36D163BD2B1F18A9000D9977 /* SceneDelegate.swift */ = {isa = PBXFileReference; lastKnownFileType = sourcecode.swift; path = SceneDelegate.swift; sourceTree = "<group>"; };
		36D163BF2B1F18A9000D9977 /* ViewController.swift */ = {isa = PBXFileReference; lastKnownFileType = sourcecode.swift; path = ViewController.swift; sourceTree = "<group>"; };
		36D163C22B1F18A9000D9977 /* Base */ = {isa = PBXFileReference; lastKnownFileType = file.storyboard; name = Base; path = Base.lproj/Main.storyboard; sourceTree = "<group>"; };
		36D163C52B1F18A9000D9977 /* MusicApp.xcdatamodel */ = {isa = PBXFileReference; lastKnownFileType = wrapper.xcdatamodel; path = MusicApp.xcdatamodel; sourceTree = "<group>"; };
		36D163C72B1F18AB000D9977 /* Assets.xcassets */ = {isa = PBXFileReference; lastKnownFileType = folder.assetcatalog; path = Assets.xcassets; sourceTree = "<group>"; };
		36D163CA2B1F18AB000D9977 /* Base */ = {isa = PBXFileReference; lastKnownFileType = file.storyboard; name = Base; path = Base.lproj/LaunchScreen.storyboard; sourceTree = "<group>"; };
		36D163CC2B1F18AB000D9977 /* Info.plist */ = {isa = PBXFileReference; lastKnownFileType = text.plist.xml; path = Info.plist; sourceTree = "<group>"; };
		36D163D12B1F18AB000D9977 /* MusicAppTests.xctest */ = {isa = PBXFileReference; explicitFileType = wrapper.cfbundle; includeInIndex = 0; path = MusicAppTests.xctest; sourceTree = BUILT_PRODUCTS_DIR; };
		36D163D52B1F18AB000D9977 /* MusicAppTests.swift */ = {isa = PBXFileReference; lastKnownFileType = sourcecode.swift; path = MusicAppTests.swift; sourceTree = "<group>"; };
		36D163DB2B1F18AB000D9977 /* MusicAppUITests.xctest */ = {isa = PBXFileReference; explicitFileType = wrapper.cfbundle; includeInIndex = 0; path = MusicAppUITests.xctest; sourceTree = BUILT_PRODUCTS_DIR; };
		36D163DF2B1F18AB000D9977 /* MusicAppUITests.swift */ = {isa = PBXFileReference; lastKnownFileType = sourcecode.swift; path = MusicAppUITests.swift; sourceTree = "<group>"; };
		36D163E12B1F18AB000D9977 /* MusicAppUITestsLaunchTests.swift */ = {isa = PBXFileReference; lastKnownFileType = sourcecode.swift; path = MusicAppUITestsLaunchTests.swift; sourceTree = "<group>"; };
		36D163F02B200060000D9977 /* MusicViewController.swift */ = {isa = PBXFileReference; fileEncoding = 4; lastKnownFileType = sourcecode.swift; path = MusicViewController.swift; sourceTree = "<group>"; };
		36D163F32B200060000D9977 /* MusicColViewCell.xib */ = {isa = PBXFileReference; fileEncoding = 4; lastKnownFileType = file.xib; path = MusicColViewCell.xib; sourceTree = "<group>"; };
		36D163F42B200060000D9977 /* MusicColViewCell.swift */ = {isa = PBXFileReference; fileEncoding = 4; lastKnownFileType = sourcecode.swift; path = MusicColViewCell.swift; sourceTree = "<group>"; };
		36D163F52B200060000D9977 /* MusicTableViewCell.swift */ = {isa = PBXFileReference; fileEncoding = 4; lastKnownFileType = sourcecode.swift; path = MusicTableViewCell.swift; sourceTree = "<group>"; };
		36D163F62B200060000D9977 /* MusicTableViewCell.xib */ = {isa = PBXFileReference; fileEncoding = 4; lastKnownFileType = file.xib; path = MusicTableViewCell.xib; sourceTree = "<group>"; };
		36D163F92B200060000D9977 /* ColdplayApiModel.swift */ = {isa = PBXFileReference; fileEncoding = 4; lastKnownFileType = sourcecode.swift; path = ColdplayApiModel.swift; sourceTree = "<group>"; };
		36D164052B200818000D9977 /* MusicViewController.xib */ = {isa = PBXFileReference; fileEncoding = 4; lastKnownFileType = file.xib; path = MusicViewController.xib; sourceTree = "<group>"; };
		4249A96DC1233338DF2ED940 /* Pods_MusicApp_MusicAppUITests.framework */ = {isa = PBXFileReference; explicitFileType = wrapper.framework; includeInIndex = 0; path = Pods_MusicApp_MusicAppUITests.framework; sourceTree = BUILT_PRODUCTS_DIR; };
		49680CEA03947F610F647693 /* Pods-MusicApp.debug.xcconfig */ = {isa = PBXFileReference; includeInIndex = 1; lastKnownFileType = text.xcconfig; name = "Pods-MusicApp.debug.xcconfig"; path = "Target Support Files/Pods-MusicApp/Pods-MusicApp.debug.xcconfig"; sourceTree = "<group>"; };
		4DBD72FFE7B4759F84931076 /* Pods_MusicAppTests.framework */ = {isa = PBXFileReference; explicitFileType = wrapper.framework; includeInIndex = 0; path = Pods_MusicAppTests.framework; sourceTree = BUILT_PRODUCTS_DIR; };
		5BFDF4365C4F52AC9788203E /* Pods-MusicApp-MusicAppUITests.debug.xcconfig */ = {isa = PBXFileReference; includeInIndex = 1; lastKnownFileType = text.xcconfig; name = "Pods-MusicApp-MusicAppUITests.debug.xcconfig"; path = "Target Support Files/Pods-MusicApp-MusicAppUITests/Pods-MusicApp-MusicAppUITests.debug.xcconfig"; sourceTree = "<group>"; };
		6CBF12F510F8DE94D6090DB6 /* Pods-MusicApp-MusicAppUITests.release.xcconfig */ = {isa = PBXFileReference; includeInIndex = 1; lastKnownFileType = text.xcconfig; name = "Pods-MusicApp-MusicAppUITests.release.xcconfig"; path = "Target Support Files/Pods-MusicApp-MusicAppUITests/Pods-MusicApp-MusicAppUITests.release.xcconfig"; sourceTree = "<group>"; };
		7232487FB23DC8B2D6145FE8 /* Pods-MusicAppTests.release.xcconfig */ = {isa = PBXFileReference; includeInIndex = 1; lastKnownFileType = text.xcconfig; name = "Pods-MusicAppTests.release.xcconfig"; path = "Target Support Files/Pods-MusicAppTests/Pods-MusicAppTests.release.xcconfig"; sourceTree = "<group>"; };
		839A3BA5FEC6E22007830118 /* Pods_MusicApp.framework */ = {isa = PBXFileReference; explicitFileType = wrapper.framework; includeInIndex = 0; path = Pods_MusicApp.framework; sourceTree = BUILT_PRODUCTS_DIR; };
/* End PBXFileReference section */

/* Begin PBXFrameworksBuildPhase section */
		36D163B52B1F18A9000D9977 /* Frameworks */ = {
			isa = PBXFrameworksBuildPhase;
			buildActionMask = 2147483647;
			files = (
				36D164042B20031E000D9977 /* Kingfisher in Frameworks */,
				E6B3073CEEF1C2B853FD2DE6 /* Pods_MusicApp.framework in Frameworks */,
			);
			runOnlyForDeploymentPostprocessing = 0;
		};
		36D163CE2B1F18AB000D9977 /* Frameworks */ = {
			isa = PBXFrameworksBuildPhase;
			buildActionMask = 2147483647;
			files = (
				C5A6D67454CCD03CB767DE20 /* Pods_MusicAppTests.framework in Frameworks */,
			);
			runOnlyForDeploymentPostprocessing = 0;
		};
		36D163D82B1F18AB000D9977 /* Frameworks */ = {
			isa = PBXFrameworksBuildPhase;
			buildActionMask = 2147483647;
			files = (
				19E85AA1A336D9B30250F44E /* Pods_MusicApp_MusicAppUITests.framework in Frameworks */,
			);
			runOnlyForDeploymentPostprocessing = 0;
		};
/* End PBXFrameworksBuildPhase section */

/* Begin PBXGroup section */
		36405C3B2B20136F008EB012 /* App */ = {
			isa = PBXGroup;
			children = (
				36D163BB2B1F18A9000D9977 /* AppDelegate.swift */,
				36D163BD2B1F18A9000D9977 /* SceneDelegate.swift */,
			);
			path = App;
			sourceTree = "<group>";
		};
		36405C3C2B2013DC008EB012 /* Resource */ = {
			isa = PBXGroup;
			children = (
				36D163C12B1F18A9000D9977 /* Main.storyboard */,
				36D163C72B1F18AB000D9977 /* Assets.xcassets */,
				36D163C92B1F18AB000D9977 /* LaunchScreen.storyboard */,
			);
			path = Resource;
			sourceTree = "<group>";
		};
		36405C3D2B20140E008EB012 /* Common */ = {
			isa = PBXGroup;
			children = (
				36405C9B2B218622008EB012 /* ExtCollection.swift */,
				36405C7B2B21767A008EB012 /* ExtTable.swift */,
				36405C4F2B201587008EB012 /* constrant.swift */,
				36405C3E2B20141B008EB012 /* Network */,
			);
			path = Common;
			sourceTree = "<group>";
		};
		36405C3E2B20141B008EB012 /* Network */ = {
			isa = PBXGroup;
			children = (
				36405C3F2B20142F008EB012 /* ApiManager.swift */,
			);
			path = Network;
			sourceTree = "<group>";
		};
		36405C412B201470008EB012 /* LoginViewController */ = {
			isa = PBXGroup;
			children = (
				36405C422B20148A008EB012 /* LoginViewController.swift */,
				36405C432B20148A008EB012 /* LoginViewController.xib */,
			);
			path = LoginViewController;
			sourceTree = "<group>";
		};
		36405C462B2014CA008EB012 /* SignUPViewController */ = {
			isa = PBXGroup;
			children = (
				36405C482B2014FE008EB012 /* SignUPViewController.swift */,
				36405C492B2014FE008EB012 /* SignUPViewController.xib */,
			);
			path = SignUPViewController;
			sourceTree = "<group>";
		};
		36405C4C2B201548008EB012 /* MainTabbar */ = {
			isa = PBXGroup;
			children = (
				36405C4D2B201548008EB012 /* MainTabBar.swift */,
			);
			name = MainTabbar;
			path = ../../../animalswiki/animalswiki/Module/MainTabbar;
			sourceTree = "<group>";
		};
		36405C552B215590008EB012 /* ProfileViewController */ = {
			isa = PBXGroup;
			children = (
				36405C622B216829008EB012 /* EditViewController */,
				36405C5B2B215B5E008EB012 /* model */,
				36405C5A2B215B56008EB012 /* cell */,
				36405C562B2155DA008EB012 /* ProfileViewController.swift */,
				36405C572B2155DA008EB012 /* ProfileViewController.xib */,
			);
			path = ProfileViewController;
			sourceTree = "<group>";
		};
		36405C5A2B215B56008EB012 /* cell */ = {
			isa = PBXGroup;
			children = (
				36405C5C2B215B75008EB012 /* ProfileTableViewCell.swift */,
				36405C5D2B215B75008EB012 /* ProfileTableViewCell.xib */,
			);
			path = cell;
			sourceTree = "<group>";
		};
		36405C5B2B215B5E008EB012 /* model */ = {
			isa = PBXGroup;
			children = (
				36405C602B215EB1008EB012 /* ProfileViewModel.swift */,
			);
			path = model;
			sourceTree = "<group>";
		};
		36405C622B216829008EB012 /* EditViewController */ = {
			isa = PBXGroup;
			children = (
				36405C632B21684C008EB012 /* EditViewController.swift */,
				36405C642B21684C008EB012 /* EditViewController.xib */,
			);
			path = EditViewController;
			sourceTree = "<group>";
		};
		36405C672B2172EA008EB012 /* HomeViewController */ = {
			isa = PBXGroup;
			children = (
				36405C6C2B217440008EB012 /* cell */,
				36405C682B217304008EB012 /* HomeViewController.swift */,
				36405C692B217304008EB012 /* HomeViewController.xib */,
			);
			path = HomeViewController;
			sourceTree = "<group>";
		};
		36405C6C2B217440008EB012 /* cell */ = {
			isa = PBXGroup;
			children = (
				36405C912B21786B008EB012 /* SectionFourViewCell */,
				36405C872B2177FA008EB012 /* SectionThirdViewCell */,
				36405C7D2B217791008EB012 /* SectionSecondViewCell */,
				36405C712B2174ED008EB012 /* SectionFirstViewCell */,
				36405C6D2B217456008EB012 /* HomeTableViewCell.swift */,
				36405C6E2B217456008EB012 /* HomeTableViewCell.xib */,
			);
			path = cell;
			sourceTree = "<group>";
		};
		36405C712B2174ED008EB012 /* SectionFirstViewCell */ = {
			isa = PBXGroup;
			children = (
				36405C762B21753A008EB012 /* collection */,
				36405C722B21752F008EB012 /* SectionFirstViewCell.swift */,
				36405C732B21752F008EB012 /* SectionFirstViewCell.xib */,
			);
			path = SectionFirstViewCell;
			sourceTree = "<group>";
		};
		36405C762B21753A008EB012 /* collection */ = {
			isa = PBXGroup;
			children = (
				36405C772B217561008EB012 /* SectionFirstViewCollection.swift */,
				36405C782B217561008EB012 /* SectionFirstViewCollection.xib */,
			);
			path = collection;
			sourceTree = "<group>";
		};
		36405C7D2B217791008EB012 /* SectionSecondViewCell */ = {
			isa = PBXGroup;
			children = (
				36405C822B2177BA008EB012 /* collection */,
				36405C7E2B2177B6008EB012 /* SectionSecondViewCell.swift */,
				36405C7F2B2177B6008EB012 /* SectionSecondViewCell.xib */,
			);
			path = SectionSecondViewCell;
			sourceTree = "<group>";
		};
		36405C822B2177BA008EB012 /* collection */ = {
			isa = PBXGroup;
			children = (
				36405C832B2177E0008EB012 /* SectionSecondViewCollection.swift */,
				36405C842B2177E0008EB012 /* SectionSecondViewCollection.xib */,
			);
			path = collection;
			sourceTree = "<group>";
		};
		36405C872B2177FA008EB012 /* SectionThirdViewCell */ = {
			isa = PBXGroup;
			children = (
				36405C8C2B217842008EB012 /* collection */,
				36405C882B217829008EB012 /* SectionThirdViewCell.swift */,
				36405C892B217829008EB012 /* SectionThirdViewCell.xib */,
			);
			path = SectionThirdViewCell;
			sourceTree = "<group>";
		};
		36405C8C2B217842008EB012 /* collection */ = {
			isa = PBXGroup;
			children = (
				36405C8D2B217861008EB012 /* SectionThirdViewCollection.swift */,
				36405C8E2B217861008EB012 /* SectionThirdViewCollection.xib */,
			);
			path = collection;
			sourceTree = "<group>";
		};
		36405C912B21786B008EB012 /* SectionFourViewCell */ = {
			isa = PBXGroup;
			children = (
				36405C962B21788E008EB012 /* collection */,
				36405C922B21788B008EB012 /* SectionFourViewCell.swift */,
				36405C932B21788B008EB012 /* SectionFourViewCell.xib */,
			);
			path = SectionFourViewCell;
			sourceTree = "<group>";
		};
		36405C962B21788E008EB012 /* collection */ = {
			isa = PBXGroup;
			children = (
				36405C972B2178AD008EB012 /* SectionFourViewCollection.swift */,
				36405C982B2178AD008EB012 /* SectionFourViewCollection.xib */,
			);
			path = collection;
			sourceTree = "<group>";
		};
		36405C9D2B21B770008EB012 /* SearchViewController */ = {
			isa = PBXGroup;
			children = (
				36405CA22B21B7BA008EB012 /* Cell */,
				36405C9E2B21B794008EB012 /* SearchViewController.swift */,
				36405C9F2B21B794008EB012 /* SearchViewController.xib */,
			);
			path = SearchViewController;
			sourceTree = "<group>";
		};
		36405CA22B21B7BA008EB012 /* Cell */ = {
			isa = PBXGroup;
			children = (
				36405CB72B26A3A8008EB012 /* BrowseCell */,
				36405CAD2B269AF4008EB012 /* PopularArtistCell */,
				36405CA32B21BF2E008EB012 /* TopGenresTableCell */,
			);
			path = Cell;
			sourceTree = "<group>";
		};
		36405CA32B21BF2E008EB012 /* TopGenresTableCell */ = {
			isa = PBXGroup;
			children = (
				36405CA42B21BF5D008EB012 /* collection */,
				36405CA52B21BF7C008EB012 /* TopGenresTableCell.swift */,
				36405CA62B21BF7C008EB012 /* TopGenresTableCell.xib */,
			);
			path = TopGenresTableCell;
			sourceTree = "<group>";
		};
		36405CA42B21BF5D008EB012 /* collection */ = {
			isa = PBXGroup;
			children = (
				36405CA92B21BFAA008EB012 /* TopGenresCollection.swift */,
				36405CAA2B21BFAA008EB012 /* TopGenresCollection.xib */,
			);
			path = collection;
			sourceTree = "<group>";
		};
		36405CAD2B269AF4008EB012 /* PopularArtistCell */ = {
			isa = PBXGroup;
			children = (
				36405CB22B269B53008EB012 /* Collection */,
				36405CAE2B269B42008EB012 /* PopularArtistCell.swift */,
				36405CAF2B269B42008EB012 /* PopularArtistCell.xib */,
			);
			path = PopularArtistCell;
			sourceTree = "<group>";
		};
		36405CB22B269B53008EB012 /* Collection */ = {
			isa = PBXGroup;
			children = (
				36405CB32B269B79008EB012 /* PopularArtistCollection.swift */,
				36405CB42B269B79008EB012 /* PopularArtistCollection.xib */,
			);
			path = Collection;
			sourceTree = "<group>";
		};
		36405CB72B26A3A8008EB012 /* BrowseCell */ = {
			isa = PBXGroup;
			children = (
				36405CBC2B26A3C8008EB012 /* Collection */,
				36405CB82B26A3C3008EB012 /* BrowseCell.swift */,
				36405CB92B26A3C3008EB012 /* BrowseCell.xib */,
			);
			path = BrowseCell;
			sourceTree = "<group>";
		};
		36405CBC2B26A3C8008EB012 /* Collection */ = {
			isa = PBXGroup;
			children = (
				36405CBD2B26A3E9008EB012 /* BrowseCollection.swift */,
				36405CBE2B26A3E9008EB012 /* BrowseCollection.xib */,
			);
			path = Collection;
			sourceTree = "<group>";
		};
		36405CC12B26E7FE008EB012 /* DetailViewController */ = {
			isa = PBXGroup;
			children = (
				36405CC62B26ECD2008EB012 /* Cell */,
				36405CC22B26E83F008EB012 /* DetailViewController.swift */,
				36405CC32B26E83F008EB012 /* DetailViewController.xib */,
			);
			path = DetailViewController;
			sourceTree = "<group>";
		};
		36405CC62B26ECD2008EB012 /* Cell */ = {
			isa = PBXGroup;
			children = (
				36405CC72B26ED0F008EB012 /* DetailViewCell.swift */,
				36405CC82B26ED0F008EB012 /* DetailViewCell.xib */,
			);
			path = Cell;
			sourceTree = "<group>";
		};
		36405CCB2B27102F008EB012 /* SplashViewController */ = {
			isa = PBXGroup;
			children = (
				36405CCC2B271056008EB012 /* SplashViewController.swift */,
				36405CCD2B271056008EB012 /* SplashViewController.xib */,
			);
			path = SplashViewController;
			sourceTree = "<group>";
		};
		36405CD52B27FE44008EB012 /* CustomViewController */ = {
			isa = PBXGroup;
			children = (
				36405CDA2B27FE87008EB012 /* New Group */,
				36405CDB2B27FECD008EB012 /* PlayedMusicViewController.swift */,
				36405CDC2B27FECD008EB012 /* PlayedMusicViewController.xib */,
			);
			path = CustomViewController;
			sourceTree = "<group>";
		};
		36405CDA2B27FE87008EB012 /* New Group */ = {
			isa = PBXGroup;
			children = (
			);
			path = "New Group";
			sourceTree = "<group>";
		};
		36405CDF2B28097D008EB012 /* CollectionMusicVC */ = {
			isa = PBXGroup;
			children = (
				36405CE42B280C0C008EB012 /* Cell */,
				36405CE02B28099E008EB012 /* CollectionMusicVC.swift */,
				36405CE12B28099E008EB012 /* CollectionMusicVC.xib */,
			);
			path = CollectionMusicVC;
			sourceTree = "<group>";
		};
		36405CE42B280C0C008EB012 /* Cell */ = {
			isa = PBXGroup;
			children = (
				36405CE52B280C2B008EB012 /* CmTableViewCell.swift */,
				36405CE62B280C2B008EB012 /* CmTableViewCell.xib */,
			);
			path = Cell;
			sourceTree = "<group>";
		};
		36405CE92B2842E8008EB012 /* CategoryViewController */ = {
			isa = PBXGroup;
			children = (
				36405CEE2B2844EE008EB012 /* Cell */,
				36405CEA2B284322008EB012 /* CategoryViewController.swift */,
				36405CEB2B284322008EB012 /* CategoryViewController.xib */,
			);
			path = CategoryViewController;
			sourceTree = "<group>";
		};
		36405CEE2B2844EE008EB012 /* Cell */ = {
			isa = PBXGroup;
			children = (
				36405CF02B2845A9008EB012 /* BodyViewCell */,
				36405CEF2B28456C008EB012 /* TopViewCell */,
			);
			path = Cell;
			sourceTree = "<group>";
		};
		36405CEF2B28456C008EB012 /* TopViewCell */ = {
			isa = PBXGroup;
			children = (
				36405CF92B284921008EB012 /* Collection */,
				36405CF12B2845FF008EB012 /* TopViewCell.swift */,
				36405CF22B2845FF008EB012 /* TopViewCell.xib */,
			);
			path = TopViewCell;
			sourceTree = "<group>";
		};
		36405CF02B2845A9008EB012 /* BodyViewCell */ = {
			isa = PBXGroup;
			children = (
				36405D022B284995008EB012 /* Collection */,
				36405CF52B284627008EB012 /* BodyViewCell.swift */,
				36405CF62B284627008EB012 /* BodyViewCell.xib */,
			);
			path = BodyViewCell;
			sourceTree = "<group>";
		};
		36405CF92B284921008EB012 /* Collection */ = {
			isa = PBXGroup;
			children = (
				36405CFE2B284983008EB012 /* TopCollection.swift */,
				36405CFF2B284983008EB012 /* TopCollection.xib */,
			);
			path = Collection;
			sourceTree = "<group>";
		};
		36405D022B284995008EB012 /* Collection */ = {
			isa = PBXGroup;
			children = (
				36405D032B2849B1008EB012 /* BodyCollection.swift */,
				36405D042B2849B1008EB012 /* BodyCollection.xib */,
			);
			path = Collection;
			sourceTree = "<group>";
		};
		36D163AF2B1F18A9000D9977 = {
			isa = PBXGroup;
			children = (
				36D163BA2B1F18A9000D9977 /* MusicApp */,
				36D163D42B1F18AB000D9977 /* MusicAppTests */,
				36D163DE2B1F18AB000D9977 /* MusicAppUITests */,
				36D163B92B1F18A9000D9977 /* Products */,
				B04FF9CC1AA1FE0EA6EF9739 /* Pods */,
				3A387BFE61F594E9ABF1C9CE /* Frameworks */,
			);
			sourceTree = "<group>";
		};
		36D163B92B1F18A9000D9977 /* Products */ = {
			isa = PBXGroup;
			children = (
				36D163B82B1F18A9000D9977 /* MusicApp.app */,
				36D163D12B1F18AB000D9977 /* MusicAppTests.xctest */,
				36D163DB2B1F18AB000D9977 /* MusicAppUITests.xctest */,
			);
			name = Products;
			sourceTree = "<group>";
		};
		36D163BA2B1F18A9000D9977 /* MusicApp */ = {
			isa = PBXGroup;
			children = (
				36405C532B202E7E008EB012 /* GoogleService-Info.plist */,
				36405C3D2B20140E008EB012 /* Common */,
				36405C3C2B2013DC008EB012 /* Resource */,
				36405C3B2B20136F008EB012 /* App */,
				36D163EE2B1FFFFB000D9977 /* Module */,
				36D163CC2B1F18AB000D9977 /* Info.plist */,
				36D163C42B1F18A9000D9977 /* MusicApp.xcdatamodeld */,
			);
			path = MusicApp;
			sourceTree = "<group>";
		};
		36D163D42B1F18AB000D9977 /* MusicAppTests */ = {
			isa = PBXGroup;
			children = (
				36D163D52B1F18AB000D9977 /* MusicAppTests.swift */,
			);
			path = MusicAppTests;
			sourceTree = "<group>";
		};
		36D163DE2B1F18AB000D9977 /* MusicAppUITests */ = {
			isa = PBXGroup;
			children = (
				36D163DF2B1F18AB000D9977 /* MusicAppUITests.swift */,
				36D163E12B1F18AB000D9977 /* MusicAppUITestsLaunchTests.swift */,
			);
			path = MusicAppUITests;
			sourceTree = "<group>";
		};
		36D163EE2B1FFFFB000D9977 /* Module */ = {
			isa = PBXGroup;
			children = (
				36405CE92B2842E8008EB012 /* CategoryViewController */,
				36405CDF2B28097D008EB012 /* CollectionMusicVC */,
				36405CD52B27FE44008EB012 /* CustomViewController */,
				36405CCB2B27102F008EB012 /* SplashViewController */,
				36405CC12B26E7FE008EB012 /* DetailViewController */,
				36405C9D2B21B770008EB012 /* SearchViewController */,
				36405C672B2172EA008EB012 /* HomeViewController */,
				36D163BF2B1F18A9000D9977 /* ViewController.swift */,
				36405C552B215590008EB012 /* ProfileViewController */,
				36405C4C2B201548008EB012 /* MainTabbar */,
				36405C462B2014CA008EB012 /* SignUPViewController */,
				36405C412B201470008EB012 /* LoginViewController */,
				36D163EF2B200060000D9977 /* MusicViewController */,
			);
			path = Module;
			sourceTree = "<group>";
		};
		36D163EF2B200060000D9977 /* MusicViewController */ = {
			isa = PBXGroup;
			children = (
				36D164052B200818000D9977 /* MusicViewController.xib */,
				36D163F02B200060000D9977 /* MusicViewController.swift */,
				36D163F12B200060000D9977 /* cell */,
				36D163F82B200060000D9977 /* Model */,
			);
			name = MusicViewController;
			path = ../../../animalswiki/animalswiki/Module/MusicViewController;
			sourceTree = "<group>";
		};
		36D163F12B200060000D9977 /* cell */ = {
			isa = PBXGroup;
			children = (
				36D163F22B200060000D9977 /* collection */,
				36D163F52B200060000D9977 /* MusicTableViewCell.swift */,
				36D163F62B200060000D9977 /* MusicTableViewCell.xib */,
			);
			path = cell;
			sourceTree = "<group>";
		};
		36D163F22B200060000D9977 /* collection */ = {
			isa = PBXGroup;
			children = (
				36D163F32B200060000D9977 /* MusicColViewCell.xib */,
				36D163F42B200060000D9977 /* MusicColViewCell.swift */,
			);
			path = collection;
			sourceTree = "<group>";
		};
		36D163F82B200060000D9977 /* Model */ = {
			isa = PBXGroup;
			children = (
				36D163F92B200060000D9977 /* ColdplayApiModel.swift */,
				36405CD02B27E8C6008EB012 /* AllMusicApiModel.swift */,
			);
			path = Model;
			sourceTree = "<group>";
		};
		3A387BFE61F594E9ABF1C9CE /* Frameworks */ = {
			isa = PBXGroup;
			children = (
				839A3BA5FEC6E22007830118 /* Pods_MusicApp.framework */,
				4249A96DC1233338DF2ED940 /* Pods_MusicApp_MusicAppUITests.framework */,
				4DBD72FFE7B4759F84931076 /* Pods_MusicAppTests.framework */,
			);
			name = Frameworks;
			sourceTree = "<group>";
		};
		B04FF9CC1AA1FE0EA6EF9739 /* Pods */ = {
			isa = PBXGroup;
			children = (
				49680CEA03947F610F647693 /* Pods-MusicApp.debug.xcconfig */,
				1D10648D2AEB611D046F443D /* Pods-MusicApp.release.xcconfig */,
				5BFDF4365C4F52AC9788203E /* Pods-MusicApp-MusicAppUITests.debug.xcconfig */,
				6CBF12F510F8DE94D6090DB6 /* Pods-MusicApp-MusicAppUITests.release.xcconfig */,
				26AA200800C7F8DC38C11937 /* Pods-MusicAppTests.debug.xcconfig */,
				7232487FB23DC8B2D6145FE8 /* Pods-MusicAppTests.release.xcconfig */,
			);
			path = Pods;
			sourceTree = "<group>";
		};
/* End PBXGroup section */

/* Begin PBXNativeTarget section */
		36D163B72B1F18A9000D9977 /* MusicApp */ = {
			isa = PBXNativeTarget;
			buildConfigurationList = 36D163E52B1F18AB000D9977 /* Build configuration list for PBXNativeTarget "MusicApp" */;
			buildPhases = (
				2BC07C2666BF1FAEC91C27B0 /* [CP] Check Pods Manifest.lock */,
				36D163B42B1F18A9000D9977 /* Sources */,
				36D163B52B1F18A9000D9977 /* Frameworks */,
				36D163B62B1F18A9000D9977 /* Resources */,
				69798A21061932E8E94920AB /* [CP] Embed Pods Frameworks */,
			);
			buildRules = (
			);
			dependencies = (
			);
			name = MusicApp;
			packageProductDependencies = (
				36D164032B20031E000D9977 /* Kingfisher */,
			);
			productName = MusicApp;
			productReference = 36D163B82B1F18A9000D9977 /* MusicApp.app */;
			productType = "com.apple.product-type.application";
		};
		36D163D02B1F18AB000D9977 /* MusicAppTests */ = {
			isa = PBXNativeTarget;
			buildConfigurationList = 36D163E82B1F18AB000D9977 /* Build configuration list for PBXNativeTarget "MusicAppTests" */;
			buildPhases = (
				AEB3D770B08BA14A160052BB /* [CP] Check Pods Manifest.lock */,
				36D163CD2B1F18AB000D9977 /* Sources */,
				36D163CE2B1F18AB000D9977 /* Frameworks */,
				36D163CF2B1F18AB000D9977 /* Resources */,
			);
			buildRules = (
			);
			dependencies = (
				36D163D32B1F18AB000D9977 /* PBXTargetDependency */,
			);
			name = MusicAppTests;
			productName = MusicAppTests;
			productReference = 36D163D12B1F18AB000D9977 /* MusicAppTests.xctest */;
			productType = "com.apple.product-type.bundle.unit-test";
		};
		36D163DA2B1F18AB000D9977 /* MusicAppUITests */ = {
			isa = PBXNativeTarget;
			buildConfigurationList = 36D163EB2B1F18AB000D9977 /* Build configuration list for PBXNativeTarget "MusicAppUITests" */;
			buildPhases = (
				4E2582DB118B346B1975D859 /* [CP] Check Pods Manifest.lock */,
				36D163D72B1F18AB000D9977 /* Sources */,
				36D163D82B1F18AB000D9977 /* Frameworks */,
				36D163D92B1F18AB000D9977 /* Resources */,
				0D4AABE0D3FFF4DF1DF63C1B /* [CP] Embed Pods Frameworks */,
			);
			buildRules = (
			);
			dependencies = (
				36D163DD2B1F18AB000D9977 /* PBXTargetDependency */,
			);
			name = MusicAppUITests;
			productName = MusicAppUITests;
			productReference = 36D163DB2B1F18AB000D9977 /* MusicAppUITests.xctest */;
			productType = "com.apple.product-type.bundle.ui-testing";
		};
/* End PBXNativeTarget section */

/* Begin PBXProject section */
		36D163B02B1F18A9000D9977 /* Project object */ = {
			isa = PBXProject;
			attributes = {
				BuildIndependentTargetsInParallel = 1;
				LastSwiftUpdateCheck = 1420;
				LastUpgradeCheck = 1420;
				TargetAttributes = {
					36D163B72B1F18A9000D9977 = {
						CreatedOnToolsVersion = 14.2;
					};
					36D163D02B1F18AB000D9977 = {
						CreatedOnToolsVersion = 14.2;
						TestTargetID = 36D163B72B1F18A9000D9977;
					};
					36D163DA2B1F18AB000D9977 = {
						CreatedOnToolsVersion = 14.2;
						TestTargetID = 36D163B72B1F18A9000D9977;
					};
				};
			};
			buildConfigurationList = 36D163B32B1F18A9000D9977 /* Build configuration list for PBXProject "MusicApp" */;
			compatibilityVersion = "Xcode 14.0";
			developmentRegion = en;
			hasScannedForEncodings = 0;
			knownRegions = (
				en,
				Base,
			);
			mainGroup = 36D163AF2B1F18A9000D9977;
			packageReferences = (
				36D164022B20031E000D9977 /* XCRemoteSwiftPackageReference "Kingfisher" */,
			);
			productRefGroup = 36D163B92B1F18A9000D9977 /* Products */;
			projectDirPath = "";
			projectRoot = "";
			targets = (
				36D163B72B1F18A9000D9977 /* MusicApp */,
				36D163D02B1F18AB000D9977 /* MusicAppTests */,
				36D163DA2B1F18AB000D9977 /* MusicAppUITests */,
			);
		};
/* End PBXProject section */

/* Begin PBXResourcesBuildPhase section */
		36D163B62B1F18A9000D9977 /* Resources */ = {
			isa = PBXResourcesBuildPhase;
			buildActionMask = 2147483647;
			files = (
				36405C662B21684C008EB012 /* EditViewController.xib in Resources */,
				36405C452B20148A008EB012 /* LoginViewController.xib in Resources */,
				36405C6B2B217304008EB012 /* HomeViewController.xib in Resources */,
				36405C7A2B217561008EB012 /* SectionFirstViewCollection.xib in Resources */,
				36405C4B2B2014FE008EB012 /* SignUPViewController.xib in Resources */,
				36405C752B21752F008EB012 /* SectionFirstViewCell.xib in Resources */,
				36405C542B202E7E008EB012 /* GoogleService-Info.plist in Resources */,
				36405CC52B26E83F008EB012 /* DetailViewController.xib in Resources */,
				36D163CB2B1F18AB000D9977 /* LaunchScreen.storyboard in Resources */,
				36405C9A2B2178AD008EB012 /* SectionFourViewCollection.xib in Resources */,
				36405CBB2B26A3C4008EB012 /* BrowseCell.xib in Resources */,
				36D163C82B1F18AB000D9977 /* Assets.xcassets in Resources */,
				36D163C32B1F18A9000D9977 /* Main.storyboard in Resources */,
				36405C902B217861008EB012 /* SectionThirdViewCollection.xib in Resources */,
				36405CB62B269B79008EB012 /* PopularArtistCollection.xib in Resources */,
				36405C702B217456008EB012 /* HomeTableViewCell.xib in Resources */,
				36D163FC2B200061000D9977 /* MusicColViewCell.xib in Resources */,
				36405CDE2B27FECD008EB012 /* PlayedMusicViewController.xib in Resources */,
				36405CE32B28099E008EB012 /* CollectionMusicVC.xib in Resources */,
				36405CB12B269B42008EB012 /* PopularArtistCell.xib in Resources */,
				36405CA82B21BF7C008EB012 /* TopGenresTableCell.xib in Resources */,
				36405CCF2B271056008EB012 /* SplashViewController.xib in Resources */,
				36405C862B2177E0008EB012 /* SectionSecondViewCollection.xib in Resources */,
				36405C952B21788B008EB012 /* SectionFourViewCell.xib in Resources */,
				36D164062B200819000D9977 /* MusicViewController.xib in Resources */,
				36405CA12B21B794008EB012 /* SearchViewController.xib in Resources */,
				36405CE82B280C2B008EB012 /* CmTableViewCell.xib in Resources */,
				36405CAC2B21BFAA008EB012 /* TopGenresCollection.xib in Resources */,
				36405C8B2B217829008EB012 /* SectionThirdViewCell.xib in Resources */,
				36405D012B284983008EB012 /* TopCollection.xib in Resources */,
				36405CC02B26A3E9008EB012 /* BrowseCollection.xib in Resources */,
				36405C592B2155DA008EB012 /* ProfileViewController.xib in Resources */,
				36405C5F2B215B75008EB012 /* ProfileTableViewCell.xib in Resources */,
				36405CF82B284627008EB012 /* BodyViewCell.xib in Resources */,
				36405CF42B2845FF008EB012 /* TopViewCell.xib in Resources */,
				36405CED2B284322008EB012 /* CategoryViewController.xib in Resources */,
				36405CCA2B26ED0F008EB012 /* DetailViewCell.xib in Resources */,
				36405D062B2849B1008EB012 /* BodyCollection.xib in Resources */,
				36405C812B2177B6008EB012 /* SectionSecondViewCell.xib in Resources */,
				36D163FF2B200061000D9977 /* MusicTableViewCell.xib in Resources */,
			);
			runOnlyForDeploymentPostprocessing = 0;
		};
		36D163CF2B1F18AB000D9977 /* Resources */ = {
			isa = PBXResourcesBuildPhase;
			buildActionMask = 2147483647;
			files = (
			);
			runOnlyForDeploymentPostprocessing = 0;
		};
		36D163D92B1F18AB000D9977 /* Resources */ = {
			isa = PBXResourcesBuildPhase;
			buildActionMask = 2147483647;
			files = (
			);
			runOnlyForDeploymentPostprocessing = 0;
		};
/* End PBXResourcesBuildPhase section */

/* Begin PBXShellScriptBuildPhase section */
		0D4AABE0D3FFF4DF1DF63C1B /* [CP] Embed Pods Frameworks */ = {
			isa = PBXShellScriptBuildPhase;
			buildActionMask = 2147483647;
			files = (
			);
			inputFileListPaths = (
				"${PODS_ROOT}/Target Support Files/Pods-MusicApp-MusicAppUITests/Pods-MusicApp-MusicAppUITests-frameworks-${CONFIGURATION}-input-files.xcfilelist",
			);
			name = "[CP] Embed Pods Frameworks";
			outputFileListPaths = (
				"${PODS_ROOT}/Target Support Files/Pods-MusicApp-MusicAppUITests/Pods-MusicApp-MusicAppUITests-frameworks-${CONFIGURATION}-output-files.xcfilelist",
			);
			runOnlyForDeploymentPostprocessing = 0;
			shellPath = /bin/sh;
			shellScript = "\"${PODS_ROOT}/Target Support Files/Pods-MusicApp-MusicAppUITests/Pods-MusicApp-MusicAppUITests-frameworks.sh\"\n";
			showEnvVarsInLog = 0;
		};
		2BC07C2666BF1FAEC91C27B0 /* [CP] Check Pods Manifest.lock */ = {
			isa = PBXShellScriptBuildPhase;
			buildActionMask = 2147483647;
			files = (
			);
			inputFileListPaths = (
			);
			inputPaths = (
				"${PODS_PODFILE_DIR_PATH}/Podfile.lock",
				"${PODS_ROOT}/Manifest.lock",
			);
			name = "[CP] Check Pods Manifest.lock";
			outputFileListPaths = (
			);
			outputPaths = (
				"$(DERIVED_FILE_DIR)/Pods-MusicApp-checkManifestLockResult.txt",
			);
			runOnlyForDeploymentPostprocessing = 0;
			shellPath = /bin/sh;
			shellScript = "diff \"${PODS_PODFILE_DIR_PATH}/Podfile.lock\" \"${PODS_ROOT}/Manifest.lock\" > /dev/null\nif [ $? != 0 ] ; then\n    # print error to STDERR\n    echo \"error: The sandbox is not in sync with the Podfile.lock. Run 'pod install' or update your CocoaPods installation.\" >&2\n    exit 1\nfi\n# This output is used by Xcode 'outputs' to avoid re-running this script phase.\necho \"SUCCESS\" > \"${SCRIPT_OUTPUT_FILE_0}\"\n";
			showEnvVarsInLog = 0;
		};
		4E2582DB118B346B1975D859 /* [CP] Check Pods Manifest.lock */ = {
			isa = PBXShellScriptBuildPhase;
			buildActionMask = 2147483647;
			files = (
			);
			inputFileListPaths = (
			);
			inputPaths = (
				"${PODS_PODFILE_DIR_PATH}/Podfile.lock",
				"${PODS_ROOT}/Manifest.lock",
			);
			name = "[CP] Check Pods Manifest.lock";
			outputFileListPaths = (
			);
			outputPaths = (
				"$(DERIVED_FILE_DIR)/Pods-MusicApp-MusicAppUITests-checkManifestLockResult.txt",
			);
			runOnlyForDeploymentPostprocessing = 0;
			shellPath = /bin/sh;
			shellScript = "diff \"${PODS_PODFILE_DIR_PATH}/Podfile.lock\" \"${PODS_ROOT}/Manifest.lock\" > /dev/null\nif [ $? != 0 ] ; then\n    # print error to STDERR\n    echo \"error: The sandbox is not in sync with the Podfile.lock. Run 'pod install' or update your CocoaPods installation.\" >&2\n    exit 1\nfi\n# This output is used by Xcode 'outputs' to avoid re-running this script phase.\necho \"SUCCESS\" > \"${SCRIPT_OUTPUT_FILE_0}\"\n";
			showEnvVarsInLog = 0;
		};
		69798A21061932E8E94920AB /* [CP] Embed Pods Frameworks */ = {
			isa = PBXShellScriptBuildPhase;
			buildActionMask = 2147483647;
			files = (
			);
			inputFileListPaths = (
				"${PODS_ROOT}/Target Support Files/Pods-MusicApp/Pods-MusicApp-frameworks-${CONFIGURATION}-input-files.xcfilelist",
			);
			name = "[CP] Embed Pods Frameworks";
			outputFileListPaths = (
				"${PODS_ROOT}/Target Support Files/Pods-MusicApp/Pods-MusicApp-frameworks-${CONFIGURATION}-output-files.xcfilelist",
			);
			runOnlyForDeploymentPostprocessing = 0;
			shellPath = /bin/sh;
			shellScript = "\"${PODS_ROOT}/Target Support Files/Pods-MusicApp/Pods-MusicApp-frameworks.sh\"\n";
			showEnvVarsInLog = 0;
		};
		AEB3D770B08BA14A160052BB /* [CP] Check Pods Manifest.lock */ = {
			isa = PBXShellScriptBuildPhase;
			buildActionMask = 2147483647;
			files = (
			);
			inputFileListPaths = (
			);
			inputPaths = (
				"${PODS_PODFILE_DIR_PATH}/Podfile.lock",
				"${PODS_ROOT}/Manifest.lock",
			);
			name = "[CP] Check Pods Manifest.lock";
			outputFileListPaths = (
			);
			outputPaths = (
				"$(DERIVED_FILE_DIR)/Pods-MusicAppTests-checkManifestLockResult.txt",
			);
			runOnlyForDeploymentPostprocessing = 0;
			shellPath = /bin/sh;
			shellScript = "diff \"${PODS_PODFILE_DIR_PATH}/Podfile.lock\" \"${PODS_ROOT}/Manifest.lock\" > /dev/null\nif [ $? != 0 ] ; then\n    # print error to STDERR\n    echo \"error: The sandbox is not in sync with the Podfile.lock. Run 'pod install' or update your CocoaPods installation.\" >&2\n    exit 1\nfi\n# This output is used by Xcode 'outputs' to avoid re-running this script phase.\necho \"SUCCESS\" > \"${SCRIPT_OUTPUT_FILE_0}\"\n";
			showEnvVarsInLog = 0;
		};
/* End PBXShellScriptBuildPhase section */

/* Begin PBXSourcesBuildPhase section */
		36D163B42B1F18A9000D9977 /* Sources */ = {
			isa = PBXSourcesBuildPhase;
			buildActionMask = 2147483647;
			files = (
				36405CA02B21B794008EB012 /* SearchViewController.swift in Sources */,
				36405D002B284983008EB012 /* TopCollection.swift in Sources */,
				36405C4E2B201548008EB012 /* MainTabBar.swift in Sources */,
				36D163C02B1F18A9000D9977 /* ViewController.swift in Sources */,
				36405CB02B269B42008EB012 /* PopularArtistCell.swift in Sources */,
				36405CA72B21BF7C008EB012 /* TopGenresTableCell.swift in Sources */,
				36405C8F2B217861008EB012 /* SectionThirdViewCollection.swift in Sources */,
				36405CCE2B271056008EB012 /* SplashViewController.swift in Sources */,
				36405C8A2B217829008EB012 /* SectionThirdViewCell.swift in Sources */,
				36405C402B20142F008EB012 /* ApiManager.swift in Sources */,
				36405C5E2B215B75008EB012 /* ProfileTableViewCell.swift in Sources */,
				36405C802B2177B6008EB012 /* SectionSecondViewCell.swift in Sources */,
				36405C7C2B21767A008EB012 /* ExtTable.swift in Sources */,
				36405CF72B284627008EB012 /* BodyViewCell.swift in Sources */,
				36405C502B201587008EB012 /* constrant.swift in Sources */,
				36405C9C2B218622008EB012 /* ExtCollection.swift in Sources */,
				36405CD12B27E8C6008EB012 /* AllMusicApiModel.swift in Sources */,
				36405C942B21788B008EB012 /* SectionFourViewCell.swift in Sources */,
				36405C6A2B217304008EB012 /* HomeViewController.swift in Sources */,
				36405C6F2B217456008EB012 /* HomeTableViewCell.swift in Sources */,
				36405C582B2155DA008EB012 /* ProfileViewController.swift in Sources */,
				36405CC92B26ED0F008EB012 /* DetailViewCell.swift in Sources */,
				36405CEC2B284322008EB012 /* CategoryViewController.swift in Sources */,
				36405C792B217561008EB012 /* SectionFirstViewCollection.swift in Sources */,
				36405CC42B26E83F008EB012 /* DetailViewController.swift in Sources */,
				36405D052B2849B1008EB012 /* BodyCollection.swift in Sources */,
				36405CB52B269B79008EB012 /* PopularArtistCollection.swift in Sources */,
				36405C992B2178AD008EB012 /* SectionFourViewCollection.swift in Sources */,
				36D163FD2B200061000D9977 /* MusicColViewCell.swift in Sources */,
				36405C742B21752F008EB012 /* SectionFirstViewCell.swift in Sources */,
				36405C652B21684C008EB012 /* EditViewController.swift in Sources */,
				36405CDD2B27FECD008EB012 /* PlayedMusicViewController.swift in Sources */,
				36405CBA2B26A3C4008EB012 /* BrowseCell.swift in Sources */,
				36D163FB2B200061000D9977 /* MusicViewController.swift in Sources */,
				36405CE22B28099E008EB012 /* CollectionMusicVC.swift in Sources */,
				36D163BC2B1F18A9000D9977 /* AppDelegate.swift in Sources */,
				36405CAB2B21BFAA008EB012 /* TopGenresCollection.swift in Sources */,
				36405CF32B2845FF008EB012 /* TopViewCell.swift in Sources */,
				36405CBF2B26A3E9008EB012 /* BrowseCollection.swift in Sources */,
				36D164002B200061000D9977 /* ColdplayApiModel.swift in Sources */,
				36D163FE2B200061000D9977 /* MusicTableViewCell.swift in Sources */,
				36405C4A2B2014FE008EB012 /* SignUPViewController.swift in Sources */,
				36D163BE2B1F18A9000D9977 /* SceneDelegate.swift in Sources */,
				36405C852B2177E0008EB012 /* SectionSecondViewCollection.swift in Sources */,
				36405C442B20148A008EB012 /* LoginViewController.swift in Sources */,
				36405C612B215EB1008EB012 /* ProfileViewModel.swift in Sources */,
				36D163C62B1F18A9000D9977 /* MusicApp.xcdatamodeld in Sources */,
				36405CE72B280C2B008EB012 /* CmTableViewCell.swift in Sources */,
			);
			runOnlyForDeploymentPostprocessing = 0;
		};
		36D163CD2B1F18AB000D9977 /* Sources */ = {
			isa = PBXSourcesBuildPhase;
			buildActionMask = 2147483647;
			files = (
				36D163D62B1F18AB000D9977 /* MusicAppTests.swift in Sources */,
			);
			runOnlyForDeploymentPostprocessing = 0;
		};
		36D163D72B1F18AB000D9977 /* Sources */ = {
			isa = PBXSourcesBuildPhase;
			buildActionMask = 2147483647;
			files = (
				36D163E22B1F18AB000D9977 /* MusicAppUITestsLaunchTests.swift in Sources */,
				36D163E02B1F18AB000D9977 /* MusicAppUITests.swift in Sources */,
			);
			runOnlyForDeploymentPostprocessing = 0;
		};
/* End PBXSourcesBuildPhase section */

/* Begin PBXTargetDependency section */
		36D163D32B1F18AB000D9977 /* PBXTargetDependency */ = {
			isa = PBXTargetDependency;
			target = 36D163B72B1F18A9000D9977 /* MusicApp */;
			targetProxy = 36D163D22B1F18AB000D9977 /* PBXContainerItemProxy */;
		};
		36D163DD2B1F18AB000D9977 /* PBXTargetDependency */ = {
			isa = PBXTargetDependency;
			target = 36D163B72B1F18A9000D9977 /* MusicApp */;
			targetProxy = 36D163DC2B1F18AB000D9977 /* PBXContainerItemProxy */;
		};
/* End PBXTargetDependency section */

/* Begin PBXVariantGroup section */
		36D163C12B1F18A9000D9977 /* Main.storyboard */ = {
			isa = PBXVariantGroup;
			children = (
				36D163C22B1F18A9000D9977 /* Base */,
			);
			name = Main.storyboard;
			sourceTree = "<group>";
		};
		36D163C92B1F18AB000D9977 /* LaunchScreen.storyboard */ = {
			isa = PBXVariantGroup;
			children = (
				36D163CA2B1F18AB000D9977 /* Base */,
			);
			name = LaunchScreen.storyboard;
			sourceTree = "<group>";
		};
/* End PBXVariantGroup section */

/* Begin XCBuildConfiguration section */
		36D163E32B1F18AB000D9977 /* Debug */ = {
			isa = XCBuildConfiguration;
			buildSettings = {
				ALWAYS_SEARCH_USER_PATHS = NO;
				CLANG_ANALYZER_NONNULL = YES;
				CLANG_ANALYZER_NUMBER_OBJECT_CONVERSION = YES_AGGRESSIVE;
				CLANG_CXX_LANGUAGE_STANDARD = "gnu++20";
				CLANG_ENABLE_MODULES = YES;
				CLANG_ENABLE_OBJC_ARC = YES;
				CLANG_ENABLE_OBJC_WEAK = YES;
				CLANG_WARN_BLOCK_CAPTURE_AUTORELEASING = YES;
				CLANG_WARN_BOOL_CONVERSION = YES;
				CLANG_WARN_COMMA = YES;
				CLANG_WARN_CONSTANT_CONVERSION = YES;
				CLANG_WARN_DEPRECATED_OBJC_IMPLEMENTATIONS = YES;
				CLANG_WARN_DIRECT_OBJC_ISA_USAGE = YES_ERROR;
				CLANG_WARN_DOCUMENTATION_COMMENTS = YES;
				CLANG_WARN_EMPTY_BODY = YES;
				CLANG_WARN_ENUM_CONVERSION = YES;
				CLANG_WARN_INFINITE_RECURSION = YES;
				CLANG_WARN_INT_CONVERSION = YES;
				CLANG_WARN_NON_LITERAL_NULL_CONVERSION = YES;
				CLANG_WARN_OBJC_IMPLICIT_RETAIN_SELF = YES;
				CLANG_WARN_OBJC_LITERAL_CONVERSION = YES;
				CLANG_WARN_OBJC_ROOT_CLASS = YES_ERROR;
				CLANG_WARN_QUOTED_INCLUDE_IN_FRAMEWORK_HEADER = YES;
				CLANG_WARN_RANGE_LOOP_ANALYSIS = YES;
				CLANG_WARN_STRICT_PROTOTYPES = YES;
				CLANG_WARN_SUSPICIOUS_MOVE = YES;
				CLANG_WARN_UNGUARDED_AVAILABILITY = YES_AGGRESSIVE;
				CLANG_WARN_UNREACHABLE_CODE = YES;
				CLANG_WARN__DUPLICATE_METHOD_MATCH = YES;
				COPY_PHASE_STRIP = NO;
				DEBUG_INFORMATION_FORMAT = dwarf;
				ENABLE_STRICT_OBJC_MSGSEND = YES;
				ENABLE_TESTABILITY = YES;
				GCC_C_LANGUAGE_STANDARD = gnu11;
				GCC_DYNAMIC_NO_PIC = NO;
				GCC_NO_COMMON_BLOCKS = YES;
				GCC_OPTIMIZATION_LEVEL = 0;
				GCC_PREPROCESSOR_DEFINITIONS = (
					"DEBUG=1",
					"$(inherited)",
				);
				GCC_WARN_64_TO_32_BIT_CONVERSION = YES;
				GCC_WARN_ABOUT_RETURN_TYPE = YES_ERROR;
				GCC_WARN_UNDECLARED_SELECTOR = YES;
				GCC_WARN_UNINITIALIZED_AUTOS = YES_AGGRESSIVE;
				GCC_WARN_UNUSED_FUNCTION = YES;
				GCC_WARN_UNUSED_VARIABLE = YES;
				IPHONEOS_DEPLOYMENT_TARGET = 16.2;
				MTL_ENABLE_DEBUG_INFO = INCLUDE_SOURCE;
				MTL_FAST_MATH = YES;
				ONLY_ACTIVE_ARCH = YES;
				SDKROOT = iphoneos;
				SWIFT_ACTIVE_COMPILATION_CONDITIONS = DEBUG;
				SWIFT_OPTIMIZATION_LEVEL = "-Onone";
			};
			name = Debug;
		};
		36D163E42B1F18AB000D9977 /* Release */ = {
			isa = XCBuildConfiguration;
			buildSettings = {
				ALWAYS_SEARCH_USER_PATHS = NO;
				CLANG_ANALYZER_NONNULL = YES;
				CLANG_ANALYZER_NUMBER_OBJECT_CONVERSION = YES_AGGRESSIVE;
				CLANG_CXX_LANGUAGE_STANDARD = "gnu++20";
				CLANG_ENABLE_MODULES = YES;
				CLANG_ENABLE_OBJC_ARC = YES;
				CLANG_ENABLE_OBJC_WEAK = YES;
				CLANG_WARN_BLOCK_CAPTURE_AUTORELEASING = YES;
				CLANG_WARN_BOOL_CONVERSION = YES;
				CLANG_WARN_COMMA = YES;
				CLANG_WARN_CONSTANT_CONVERSION = YES;
				CLANG_WARN_DEPRECATED_OBJC_IMPLEMENTATIONS = YES;
				CLANG_WARN_DIRECT_OBJC_ISA_USAGE = YES_ERROR;
				CLANG_WARN_DOCUMENTATION_COMMENTS = YES;
				CLANG_WARN_EMPTY_BODY = YES;
				CLANG_WARN_ENUM_CONVERSION = YES;
				CLANG_WARN_INFINITE_RECURSION = YES;
				CLANG_WARN_INT_CONVERSION = YES;
				CLANG_WARN_NON_LITERAL_NULL_CONVERSION = YES;
				CLANG_WARN_OBJC_IMPLICIT_RETAIN_SELF = YES;
				CLANG_WARN_OBJC_LITERAL_CONVERSION = YES;
				CLANG_WARN_OBJC_ROOT_CLASS = YES_ERROR;
				CLANG_WARN_QUOTED_INCLUDE_IN_FRAMEWORK_HEADER = YES;
				CLANG_WARN_RANGE_LOOP_ANALYSIS = YES;
				CLANG_WARN_STRICT_PROTOTYPES = YES;
				CLANG_WARN_SUSPICIOUS_MOVE = YES;
				CLANG_WARN_UNGUARDED_AVAILABILITY = YES_AGGRESSIVE;
				CLANG_WARN_UNREACHABLE_CODE = YES;
				CLANG_WARN__DUPLICATE_METHOD_MATCH = YES;
				COPY_PHASE_STRIP = NO;
				DEBUG_INFORMATION_FORMAT = "dwarf-with-dsym";
				ENABLE_NS_ASSERTIONS = NO;
				ENABLE_STRICT_OBJC_MSGSEND = YES;
				GCC_C_LANGUAGE_STANDARD = gnu11;
				GCC_NO_COMMON_BLOCKS = YES;
				GCC_WARN_64_TO_32_BIT_CONVERSION = YES;
				GCC_WARN_ABOUT_RETURN_TYPE = YES_ERROR;
				GCC_WARN_UNDECLARED_SELECTOR = YES;
				GCC_WARN_UNINITIALIZED_AUTOS = YES_AGGRESSIVE;
				GCC_WARN_UNUSED_FUNCTION = YES;
				GCC_WARN_UNUSED_VARIABLE = YES;
				IPHONEOS_DEPLOYMENT_TARGET = 16.2;
				MTL_ENABLE_DEBUG_INFO = NO;
				MTL_FAST_MATH = YES;
				SDKROOT = iphoneos;
				SWIFT_COMPILATION_MODE = wholemodule;
				SWIFT_OPTIMIZATION_LEVEL = "-O";
				VALIDATE_PRODUCT = YES;
			};
			name = Release;
		};
		36D163E62B1F18AB000D9977 /* Debug */ = {
			isa = XCBuildConfiguration;
			baseConfigurationReference = 49680CEA03947F610F647693 /* Pods-MusicApp.debug.xcconfig */;
			buildSettings = {
				ASSETCATALOG_COMPILER_APPICON_NAME = AppIcon;
				ASSETCATALOG_COMPILER_GLOBAL_ACCENT_COLOR_NAME = AccentColor;
				CODE_SIGN_STYLE = Automatic;
				CURRENT_PROJECT_VERSION = 1;
				GENERATE_INFOPLIST_FILE = YES;
				INFOPLIST_FILE = MusicApp/Info.plist;
				INFOPLIST_KEY_UIApplicationSupportsIndirectInputEvents = YES;
				INFOPLIST_KEY_UILaunchStoryboardName = LaunchScreen;
				INFOPLIST_KEY_UIMainStoryboardFile = Main;
				INFOPLIST_KEY_UISupportedInterfaceOrientations_iPad = "UIInterfaceOrientationPortrait UIInterfaceOrientationPortraitUpsideDown UIInterfaceOrientationLandscapeLeft UIInterfaceOrientationLandscapeRight";
				INFOPLIST_KEY_UISupportedInterfaceOrientations_iPhone = "UIInterfaceOrientationPortrait UIInterfaceOrientationLandscapeLeft UIInterfaceOrientationLandscapeRight";
				LD_RUNPATH_SEARCH_PATHS = (
					"$(inherited)",
					"@executable_path/Frameworks",
				);
				MARKETING_VERSION = 1.0;
				PRODUCT_BUNDLE_IDENTIFIER = okeoke.MusicApp;
				PRODUCT_NAME = "$(TARGET_NAME)";
				SWIFT_EMIT_LOC_STRINGS = YES;
				SWIFT_VERSION = 5.0;
				TARGETED_DEVICE_FAMILY = "1,2";
			};
			name = Debug;
		};
		36D163E72B1F18AB000D9977 /* Release */ = {
			isa = XCBuildConfiguration;
			baseConfigurationReference = 1D10648D2AEB611D046F443D /* Pods-MusicApp.release.xcconfig */;
			buildSettings = {
				ASSETCATALOG_COMPILER_APPICON_NAME = AppIcon;
				ASSETCATALOG_COMPILER_GLOBAL_ACCENT_COLOR_NAME = AccentColor;
				CODE_SIGN_STYLE = Automatic;
				CURRENT_PROJECT_VERSION = 1;
				GENERATE_INFOPLIST_FILE = YES;
				INFOPLIST_FILE = MusicApp/Info.plist;
				INFOPLIST_KEY_UIApplicationSupportsIndirectInputEvents = YES;
				INFOPLIST_KEY_UILaunchStoryboardName = LaunchScreen;
				INFOPLIST_KEY_UIMainStoryboardFile = Main;
				INFOPLIST_KEY_UISupportedInterfaceOrientations_iPad = "UIInterfaceOrientationPortrait UIInterfaceOrientationPortraitUpsideDown UIInterfaceOrientationLandscapeLeft UIInterfaceOrientationLandscapeRight";
				INFOPLIST_KEY_UISupportedInterfaceOrientations_iPhone = "UIInterfaceOrientationPortrait UIInterfaceOrientationLandscapeLeft UIInterfaceOrientationLandscapeRight";
				LD_RUNPATH_SEARCH_PATHS = (
					"$(inherited)",
					"@executable_path/Frameworks",
				);
				MARKETING_VERSION = 1.0;
				PRODUCT_BUNDLE_IDENTIFIER = okeoke.MusicApp;
				PRODUCT_NAME = "$(TARGET_NAME)";
				SWIFT_EMIT_LOC_STRINGS = YES;
				SWIFT_VERSION = 5.0;
				TARGETED_DEVICE_FAMILY = "1,2";
			};
			name = Release;
		};
		36D163E92B1F18AB000D9977 /* Debug */ = {
			isa = XCBuildConfiguration;
			baseConfigurationReference = 26AA200800C7F8DC38C11937 /* Pods-MusicAppTests.debug.xcconfig */;
			buildSettings = {
				ALWAYS_EMBED_SWIFT_STANDARD_LIBRARIES = YES;
				BUNDLE_LOADER = "$(TEST_HOST)";
				CODE_SIGN_STYLE = Automatic;
				CURRENT_PROJECT_VERSION = 1;
				GENERATE_INFOPLIST_FILE = YES;
				IPHONEOS_DEPLOYMENT_TARGET = 16.2;
				MARKETING_VERSION = 1.0;
				PRODUCT_BUNDLE_IDENTIFIER = okeoke.MusicAppTests;
				PRODUCT_NAME = "$(TARGET_NAME)";
				SWIFT_EMIT_LOC_STRINGS = NO;
				SWIFT_VERSION = 5.0;
				TARGETED_DEVICE_FAMILY = "1,2";
				TEST_HOST = "$(BUILT_PRODUCTS_DIR)/MusicApp.app/$(BUNDLE_EXECUTABLE_FOLDER_PATH)/MusicApp";
			};
			name = Debug;
		};
		36D163EA2B1F18AB000D9977 /* Release */ = {
			isa = XCBuildConfiguration;
			baseConfigurationReference = 7232487FB23DC8B2D6145FE8 /* Pods-MusicAppTests.release.xcconfig */;
			buildSettings = {
				ALWAYS_EMBED_SWIFT_STANDARD_LIBRARIES = YES;
				BUNDLE_LOADER = "$(TEST_HOST)";
				CODE_SIGN_STYLE = Automatic;
				CURRENT_PROJECT_VERSION = 1;
				GENERATE_INFOPLIST_FILE = YES;
				IPHONEOS_DEPLOYMENT_TARGET = 16.2;
				MARKETING_VERSION = 1.0;
				PRODUCT_BUNDLE_IDENTIFIER = okeoke.MusicAppTests;
				PRODUCT_NAME = "$(TARGET_NAME)";
				SWIFT_EMIT_LOC_STRINGS = NO;
				SWIFT_VERSION = 5.0;
				TARGETED_DEVICE_FAMILY = "1,2";
				TEST_HOST = "$(BUILT_PRODUCTS_DIR)/MusicApp.app/$(BUNDLE_EXECUTABLE_FOLDER_PATH)/MusicApp";
			};
			name = Release;
		};
		36D163EC2B1F18AB000D9977 /* Debug */ = {
			isa = XCBuildConfiguration;
			baseConfigurationReference = 5BFDF4365C4F52AC9788203E /* Pods-MusicApp-MusicAppUITests.debug.xcconfig */;
			buildSettings = {
				ALWAYS_EMBED_SWIFT_STANDARD_LIBRARIES = YES;
				CODE_SIGN_STYLE = Automatic;
				CURRENT_PROJECT_VERSION = 1;
				GENERATE_INFOPLIST_FILE = YES;
				MARKETING_VERSION = 1.0;
				PRODUCT_BUNDLE_IDENTIFIER = okeoke.MusicAppUITests;
				PRODUCT_NAME = "$(TARGET_NAME)";
				SWIFT_EMIT_LOC_STRINGS = NO;
				SWIFT_VERSION = 5.0;
				TARGETED_DEVICE_FAMILY = "1,2";
				TEST_TARGET_NAME = MusicApp;
			};
			name = Debug;
		};
		36D163ED2B1F18AB000D9977 /* Release */ = {
			isa = XCBuildConfiguration;
			baseConfigurationReference = 6CBF12F510F8DE94D6090DB6 /* Pods-MusicApp-MusicAppUITests.release.xcconfig */;
			buildSettings = {
				ALWAYS_EMBED_SWIFT_STANDARD_LIBRARIES = YES;
				CODE_SIGN_STYLE = Automatic;
				CURRENT_PROJECT_VERSION = 1;
				GENERATE_INFOPLIST_FILE = YES;
				MARKETING_VERSION = 1.0;
				PRODUCT_BUNDLE_IDENTIFIER = okeoke.MusicAppUITests;
				PRODUCT_NAME = "$(TARGET_NAME)";
				SWIFT_EMIT_LOC_STRINGS = NO;
				SWIFT_VERSION = 5.0;
				TARGETED_DEVICE_FAMILY = "1,2";
				TEST_TARGET_NAME = MusicApp;
			};
			name = Release;
		};
/* End XCBuildConfiguration section */

/* Begin XCConfigurationList section */
		36D163B32B1F18A9000D9977 /* Build configuration list for PBXProject "MusicApp" */ = {
			isa = XCConfigurationList;
			buildConfigurations = (
				36D163E32B1F18AB000D9977 /* Debug */,
				36D163E42B1F18AB000D9977 /* Release */,
			);
			defaultConfigurationIsVisible = 0;
			defaultConfigurationName = Release;
		};
		36D163E52B1F18AB000D9977 /* Build configuration list for PBXNativeTarget "MusicApp" */ = {
			isa = XCConfigurationList;
			buildConfigurations = (
				36D163E62B1F18AB000D9977 /* Debug */,
				36D163E72B1F18AB000D9977 /* Release */,
			);
			defaultConfigurationIsVisible = 0;
			defaultConfigurationName = Release;
		};
		36D163E82B1F18AB000D9977 /* Build configuration list for PBXNativeTarget "MusicAppTests" */ = {
			isa = XCConfigurationList;
			buildConfigurations = (
				36D163E92B1F18AB000D9977 /* Debug */,
				36D163EA2B1F18AB000D9977 /* Release */,
			);
			defaultConfigurationIsVisible = 0;
			defaultConfigurationName = Release;
		};
		36D163EB2B1F18AB000D9977 /* Build configuration list for PBXNativeTarget "MusicAppUITests" */ = {
			isa = XCConfigurationList;
			buildConfigurations = (
				36D163EC2B1F18AB000D9977 /* Debug */,
				36D163ED2B1F18AB000D9977 /* Release */,
			);
			defaultConfigurationIsVisible = 0;
			defaultConfigurationName = Release;
		};
/* End XCConfigurationList section */

/* Begin XCRemoteSwiftPackageReference section */
		36D164022B20031E000D9977 /* XCRemoteSwiftPackageReference "Kingfisher" */ = {
			isa = XCRemoteSwiftPackageReference;
			repositoryURL = "https://github.com/onevcat/Kingfisher.git";
			requirement = {
				branch = master;
				kind = branch;
			};
		};
/* End XCRemoteSwiftPackageReference section */

/* Begin XCSwiftPackageProductDependency section */
		36D164032B20031E000D9977 /* Kingfisher */ = {
			isa = XCSwiftPackageProductDependency;
			package = 36D164022B20031E000D9977 /* XCRemoteSwiftPackageReference "Kingfisher" */;
			productName = Kingfisher;
		};
/* End XCSwiftPackageProductDependency section */

/* Begin XCVersionGroup section */
		36D163C42B1F18A9000D9977 /* MusicApp.xcdatamodeld */ = {
			isa = XCVersionGroup;
			children = (
				36D163C52B1F18A9000D9977 /* MusicApp.xcdatamodel */,
			);
			currentVersion = 36D163C52B1F18A9000D9977 /* MusicApp.xcdatamodel */;
			path = MusicApp.xcdatamodeld;
			sourceTree = "<group>";
			versionGroupType = wrapper.xcdatamodel;
		};
/* End XCVersionGroup section */
	};
	rootObject = 36D163B02B1F18A9000D9977 /* Project object */;
}
