// !$*UTF8*$!
{
	archiveVersion = 1;
	classes = {
	};
	objectVersion = 56;
	objects = {

/* Begin PBXBuildFile section */
		3686A16F2AF9DB14007A17A9 /* ToDoListItem+CoreDataClass.swift in Sources */ = {isa = PBXBuildFile; fileRef = 3686A16D2AF9DB14007A17A9 /* ToDoListItem+CoreDataClass.swift */; };
		3686A1702AF9DB14007A17A9 /* ToDoListItem+CoreDataProperties.swift in Sources */ = {isa = PBXBuildFile; fileRef = 3686A16E2AF9DB14007A17A9 /* ToDoListItem+CoreDataProperties.swift */; };
		36B72A7B2AF8A60600738F22 /* AppDelegate.swift in Sources */ = {isa = PBXBuildFile; fileRef = 36B72A7A2AF8A60600738F22 /* AppDelegate.swift */; };
		36B72A7D2AF8A60600738F22 /* SceneDelegate.swift in Sources */ = {isa = PBXBuildFile; fileRef = 36B72A7C2AF8A60600738F22 /* SceneDelegate.swift */; };
		36B72A7F2AF8A60600738F22 /* ViewController.swift in Sources */ = {isa = PBXBuildFile; fileRef = 36B72A7E2AF8A60600738F22 /* ViewController.swift */; };
		36B72A822AF8A60600738F22 /* Main.storyboard in Resources */ = {isa = PBXBuildFile; fileRef = 36B72A802AF8A60600738F22 /* Main.storyboard */; };
		36B72A852AF8A60600738F22 /* Reminders.xcdatamodeld in Sources */ = {isa = PBXBuildFile; fileRef = 36B72A832AF8A60600738F22 /* Reminders.xcdatamodeld */; };
		36B72A872AF8A60800738F22 /* Assets.xcassets in Resources */ = {isa = PBXBuildFile; fileRef = 36B72A862AF8A60800738F22 /* Assets.xcassets */; };
		36B72A8A2AF8A60800738F22 /* LaunchScreen.storyboard in Resources */ = {isa = PBXBuildFile; fileRef = 36B72A882AF8A60800738F22 /* LaunchScreen.storyboard */; };
		36B72A952AF8A60800738F22 /* RemindersTests.swift in Sources */ = {isa = PBXBuildFile; fileRef = 36B72A942AF8A60800738F22 /* RemindersTests.swift */; };
		36B72A9F2AF8A60800738F22 /* RemindersUITests.swift in Sources */ = {isa = PBXBuildFile; fileRef = 36B72A9E2AF8A60800738F22 /* RemindersUITests.swift */; };
		36B72AA12AF8A60800738F22 /* RemindersUITestsLaunchTests.swift in Sources */ = {isa = PBXBuildFile; fileRef = 36B72AA02AF8A60800738F22 /* RemindersUITestsLaunchTests.swift */; };
/* End PBXBuildFile section */

/* Begin PBXContainerItemProxy section */
		36B72A912AF8A60800738F22 /* PBXContainerItemProxy */ = {
			isa = PBXContainerItemProxy;
			containerPortal = 36B72A6F2AF8A60600738F22 /* Project object */;
			proxyType = 1;
			remoteGlobalIDString = 36B72A762AF8A60600738F22;
			remoteInfo = Reminders;
		};
		36B72A9B2AF8A60800738F22 /* PBXContainerItemProxy */ = {
			isa = PBXContainerItemProxy;
			containerPortal = 36B72A6F2AF8A60600738F22 /* Project object */;
			proxyType = 1;
			remoteGlobalIDString = 36B72A762AF8A60600738F22;
			remoteInfo = Reminders;
		};
/* End PBXContainerItemProxy section */

/* Begin PBXFileReference section */
		3686A16D2AF9DB14007A17A9 /* ToDoListItem+CoreDataClass.swift */ = {isa = PBXFileReference; lastKnownFileType = sourcecode.swift; path = "ToDoListItem+CoreDataClass.swift"; sourceTree = "<group>"; };
		3686A16E2AF9DB14007A17A9 /* ToDoListItem+CoreDataProperties.swift */ = {isa = PBXFileReference; lastKnownFileType = sourcecode.swift; path = "ToDoListItem+CoreDataProperties.swift"; sourceTree = "<group>"; };
		36B72A772AF8A60600738F22 /* Reminders.app */ = {isa = PBXFileReference; explicitFileType = wrapper.application; includeInIndex = 0; path = Reminders.app; sourceTree = BUILT_PRODUCTS_DIR; };
		36B72A7A2AF8A60600738F22 /* AppDelegate.swift */ = {isa = PBXFileReference; lastKnownFileType = sourcecode.swift; path = AppDelegate.swift; sourceTree = "<group>"; };
		36B72A7C2AF8A60600738F22 /* SceneDelegate.swift */ = {isa = PBXFileReference; lastKnownFileType = sourcecode.swift; path = SceneDelegate.swift; sourceTree = "<group>"; };
		36B72A7E2AF8A60600738F22 /* ViewController.swift */ = {isa = PBXFileReference; lastKnownFileType = sourcecode.swift; path = ViewController.swift; sourceTree = "<group>"; };
		36B72A812AF8A60600738F22 /* Base */ = {isa = PBXFileReference; lastKnownFileType = file.storyboard; name = Base; path = Base.lproj/Main.storyboard; sourceTree = "<group>"; };
		36B72A842AF8A60600738F22 /* Reminders.xcdatamodel */ = {isa = PBXFileReference; lastKnownFileType = wrapper.xcdatamodel; path = Reminders.xcdatamodel; sourceTree = "<group>"; };
		36B72A862AF8A60800738F22 /* Assets.xcassets */ = {isa = PBXFileReference; lastKnownFileType = folder.assetcatalog; path = Assets.xcassets; sourceTree = "<group>"; };
		36B72A892AF8A60800738F22 /* Base */ = {isa = PBXFileReference; lastKnownFileType = file.storyboard; name = Base; path = Base.lproj/LaunchScreen.storyboard; sourceTree = "<group>"; };
		36B72A8B2AF8A60800738F22 /* Info.plist */ = {isa = PBXFileReference; lastKnownFileType = text.plist.xml; path = Info.plist; sourceTree = "<group>"; };
		36B72A902AF8A60800738F22 /* RemindersTests.xctest */ = {isa = PBXFileReference; explicitFileType = wrapper.cfbundle; includeInIndex = 0; path = RemindersTests.xctest; sourceTree = BUILT_PRODUCTS_DIR; };
		36B72A942AF8A60800738F22 /* RemindersTests.swift */ = {isa = PBXFileReference; lastKnownFileType = sourcecode.swift; path = RemindersTests.swift; sourceTree = "<group>"; };
		36B72A9A2AF8A60800738F22 /* RemindersUITests.xctest */ = {isa = PBXFileReference; explicitFileType = wrapper.cfbundle; includeInIndex = 0; path = RemindersUITests.xctest; sourceTree = BUILT_PRODUCTS_DIR; };
		36B72A9E2AF8A60800738F22 /* RemindersUITests.swift */ = {isa = PBXFileReference; lastKnownFileType = sourcecode.swift; path = RemindersUITests.swift; sourceTree = "<group>"; };
		36B72AA02AF8A60800738F22 /* RemindersUITestsLaunchTests.swift */ = {isa = PBXFileReference; lastKnownFileType = sourcecode.swift; path = RemindersUITestsLaunchTests.swift; sourceTree = "<group>"; };
/* End PBXFileReference section */

/* Begin PBXFrameworksBuildPhase section */
		36B72A742AF8A60600738F22 /* Frameworks */ = {
			isa = PBXFrameworksBuildPhase;
			buildActionMask = 2147483647;
			files = (
			);
			runOnlyForDeploymentPostprocessing = 0;
		};
		36B72A8D2AF8A60800738F22 /* Frameworks */ = {
			isa = PBXFrameworksBuildPhase;
			buildActionMask = 2147483647;
			files = (
			);
			runOnlyForDeploymentPostprocessing = 0;
		};
		36B72A972AF8A60800738F22 /* Frameworks */ = {
			isa = PBXFrameworksBuildPhase;
			buildActionMask = 2147483647;
			files = (
			);
			runOnlyForDeploymentPostprocessing = 0;
		};
/* End PBXFrameworksBuildPhase section */

/* Begin PBXGroup section */
		3686A1712AF9DB41007A17A9 /* ToDoListItem */ = {
			isa = PBXGroup;
			children = (
				3686A16D2AF9DB14007A17A9 /* ToDoListItem+CoreDataClass.swift */,
				3686A16E2AF9DB14007A17A9 /* ToDoListItem+CoreDataProperties.swift */,
			);
			path = ToDoListItem;
			sourceTree = "<group>";
		};
		36B72A6E2AF8A60600738F22 = {
			isa = PBXGroup;
			children = (
				36B72A792AF8A60600738F22 /* Reminders */,
				36B72A932AF8A60800738F22 /* RemindersTests */,
				36B72A9D2AF8A60800738F22 /* RemindersUITests */,
				36B72A782AF8A60600738F22 /* Products */,
			);
			sourceTree = "<group>";
		};
		36B72A782AF8A60600738F22 /* Products */ = {
			isa = PBXGroup;
			children = (
				36B72A772AF8A60600738F22 /* Reminders.app */,
				36B72A902AF8A60800738F22 /* RemindersTests.xctest */,
				36B72A9A2AF8A60800738F22 /* RemindersUITests.xctest */,
			);
			name = Products;
			sourceTree = "<group>";
		};
		36B72A792AF8A60600738F22 /* Reminders */ = {
			isa = PBXGroup;
			children = (
				3686A1712AF9DB41007A17A9 /* ToDoListItem */,
				36B72A7A2AF8A60600738F22 /* AppDelegate.swift */,
				36B72A7C2AF8A60600738F22 /* SceneDelegate.swift */,
				36B72A7E2AF8A60600738F22 /* ViewController.swift */,
				36B72A802AF8A60600738F22 /* Main.storyboard */,
				36B72A862AF8A60800738F22 /* Assets.xcassets */,
				36B72A882AF8A60800738F22 /* LaunchScreen.storyboard */,
				36B72A8B2AF8A60800738F22 /* Info.plist */,
				36B72A832AF8A60600738F22 /* Reminders.xcdatamodeld */,
			);
			path = Reminders;
			sourceTree = "<group>";
		};
		36B72A932AF8A60800738F22 /* RemindersTests */ = {
			isa = PBXGroup;
			children = (
				36B72A942AF8A60800738F22 /* RemindersTests.swift */,
			);
			path = RemindersTests;
			sourceTree = "<group>";
		};
		36B72A9D2AF8A60800738F22 /* RemindersUITests */ = {
			isa = PBXGroup;
			children = (
				36B72A9E2AF8A60800738F22 /* RemindersUITests.swift */,
				36B72AA02AF8A60800738F22 /* RemindersUITestsLaunchTests.swift */,
			);
			path = RemindersUITests;
			sourceTree = "<group>";
		};
/* End PBXGroup section */

/* Begin PBXNativeTarget section */
		36B72A762AF8A60600738F22 /* Reminders */ = {
			isa = PBXNativeTarget;
			buildConfigurationList = 36B72AA42AF8A60800738F22 /* Build configuration list for PBXNativeTarget "Reminders" */;
			buildPhases = (
				36B72A732AF8A60600738F22 /* Sources */,
				36B72A742AF8A60600738F22 /* Frameworks */,
				36B72A752AF8A60600738F22 /* Resources */,
			);
			buildRules = (
			);
			dependencies = (
			);
			name = Reminders;
			productName = Reminders;
			productReference = 36B72A772AF8A60600738F22 /* Reminders.app */;
			productType = "com.apple.product-type.application";
		};
		36B72A8F2AF8A60800738F22 /* RemindersTests */ = {
			isa = PBXNativeTarget;
			buildConfigurationList = 36B72AA72AF8A60800738F22 /* Build configuration list for PBXNativeTarget "RemindersTests" */;
			buildPhases = (
				36B72A8C2AF8A60800738F22 /* Sources */,
				36B72A8D2AF8A60800738F22 /* Frameworks */,
				36B72A8E2AF8A60800738F22 /* Resources */,
			);
			buildRules = (
			);
			dependencies = (
				36B72A922AF8A60800738F22 /* PBXTargetDependency */,
			);
			name = RemindersTests;
			productName = RemindersTests;
			productReference = 36B72A902AF8A60800738F22 /* RemindersTests.xctest */;
			productType = "com.apple.product-type.bundle.unit-test";
		};
		36B72A992AF8A60800738F22 /* RemindersUITests */ = {
			isa = PBXNativeTarget;
			buildConfigurationList = 36B72AAA2AF8A60800738F22 /* Build configuration list for PBXNativeTarget "RemindersUITests" */;
			buildPhases = (
				36B72A962AF8A60800738F22 /* Sources */,
				36B72A972AF8A60800738F22 /* Frameworks */,
				36B72A982AF8A60800738F22 /* Resources */,
			);
			buildRules = (
			);
			dependencies = (
				36B72A9C2AF8A60800738F22 /* PBXTargetDependency */,
			);
			name = RemindersUITests;
			productName = RemindersUITests;
			productReference = 36B72A9A2AF8A60800738F22 /* RemindersUITests.xctest */;
			productType = "com.apple.product-type.bundle.ui-testing";
		};
/* End PBXNativeTarget section */

/* Begin PBXProject section */
		36B72A6F2AF8A60600738F22 /* Project object */ = {
			isa = PBXProject;
			attributes = {
				BuildIndependentTargetsInParallel = 1;
				LastSwiftUpdateCheck = 1420;
				LastUpgradeCheck = 1420;
				TargetAttributes = {
					36B72A762AF8A60600738F22 = {
						CreatedOnToolsVersion = 14.2;
					};
					36B72A8F2AF8A60800738F22 = {
						CreatedOnToolsVersion = 14.2;
						TestTargetID = 36B72A762AF8A60600738F22;
					};
					36B72A992AF8A60800738F22 = {
						CreatedOnToolsVersion = 14.2;
						TestTargetID = 36B72A762AF8A60600738F22;
					};
				};
			};
			buildConfigurationList = 36B72A722AF8A60600738F22 /* Build configuration list for PBXProject "Reminders" */;
			compatibilityVersion = "Xcode 14.0";
			developmentRegion = en;
			hasScannedForEncodings = 0;
			knownRegions = (
				en,
				Base,
			);
			mainGroup = 36B72A6E2AF8A60600738F22;
			productRefGroup = 36B72A782AF8A60600738F22 /* Products */;
			projectDirPath = "";
			projectRoot = "";
			targets = (
				36B72A762AF8A60600738F22 /* Reminders */,
				36B72A8F2AF8A60800738F22 /* RemindersTests */,
				36B72A992AF8A60800738F22 /* RemindersUITests */,
			);
		};
/* End PBXProject section */

/* Begin PBXResourcesBuildPhase section */
		36B72A752AF8A60600738F22 /* Resources */ = {
			isa = PBXResourcesBuildPhase;
			buildActionMask = 2147483647;
			files = (
				36B72A8A2AF8A60800738F22 /* LaunchScreen.storyboard in Resources */,
				36B72A872AF8A60800738F22 /* Assets.xcassets in Resources */,
				36B72A822AF8A60600738F22 /* Main.storyboard in Resources */,
			);
			runOnlyForDeploymentPostprocessing = 0;
		};
		36B72A8E2AF8A60800738F22 /* Resources */ = {
			isa = PBXResourcesBuildPhase;
			buildActionMask = 2147483647;
			files = (
			);
			runOnlyForDeploymentPostprocessing = 0;
		};
		36B72A982AF8A60800738F22 /* Resources */ = {
			isa = PBXResourcesBuildPhase;
			buildActionMask = 2147483647;
			files = (
			);
			runOnlyForDeploymentPostprocessing = 0;
		};
/* End PBXResourcesBuildPhase section */

/* Begin PBXSourcesBuildPhase section */
		36B72A732AF8A60600738F22 /* Sources */ = {
			isa = PBXSourcesBuildPhase;
			buildActionMask = 2147483647;
			files = (
				36B72A7F2AF8A60600738F22 /* ViewController.swift in Sources */,
				36B72A7B2AF8A60600738F22 /* AppDelegate.swift in Sources */,
				36B72A7D2AF8A60600738F22 /* SceneDelegate.swift in Sources */,
				3686A16F2AF9DB14007A17A9 /* ToDoListItem+CoreDataClass.swift in Sources */,
				3686A1702AF9DB14007A17A9 /* ToDoListItem+CoreDataProperties.swift in Sources */,
				36B72A852AF8A60600738F22 /* Reminders.xcdatamodeld in Sources */,
			);
			runOnlyForDeploymentPostprocessing = 0;
		};
		36B72A8C2AF8A60800738F22 /* Sources */ = {
			isa = PBXSourcesBuildPhase;
			buildActionMask = 2147483647;
			files = (
				36B72A952AF8A60800738F22 /* RemindersTests.swift in Sources */,
			);
			runOnlyForDeploymentPostprocessing = 0;
		};
		36B72A962AF8A60800738F22 /* Sources */ = {
			isa = PBXSourcesBuildPhase;
			buildActionMask = 2147483647;
			files = (
				36B72AA12AF8A60800738F22 /* RemindersUITestsLaunchTests.swift in Sources */,
				36B72A9F2AF8A60800738F22 /* RemindersUITests.swift in Sources */,
			);
			runOnlyForDeploymentPostprocessing = 0;
		};
/* End PBXSourcesBuildPhase section */

/* Begin PBXTargetDependency section */
		36B72A922AF8A60800738F22 /* PBXTargetDependency */ = {
			isa = PBXTargetDependency;
			target = 36B72A762AF8A60600738F22 /* Reminders */;
			targetProxy = 36B72A912AF8A60800738F22 /* PBXContainerItemProxy */;
		};
		36B72A9C2AF8A60800738F22 /* PBXTargetDependency */ = {
			isa = PBXTargetDependency;
			target = 36B72A762AF8A60600738F22 /* Reminders */;
			targetProxy = 36B72A9B2AF8A60800738F22 /* PBXContainerItemProxy */;
		};
/* End PBXTargetDependency section */

/* Begin PBXVariantGroup section */
		36B72A802AF8A60600738F22 /* Main.storyboard */ = {
			isa = PBXVariantGroup;
			children = (
				36B72A812AF8A60600738F22 /* Base */,
			);
			name = Main.storyboard;
			sourceTree = "<group>";
		};
		36B72A882AF8A60800738F22 /* LaunchScreen.storyboard */ = {
			isa = PBXVariantGroup;
			children = (
				36B72A892AF8A60800738F22 /* Base */,
			);
			name = LaunchScreen.storyboard;
			sourceTree = "<group>";
		};
/* End PBXVariantGroup section */

/* Begin XCBuildConfiguration section */
		36B72AA22AF8A60800738F22 /* Debug */ = {
			isa = XCBuildConfiguration;
			buildSettings = {
				ALWAYS_SEARCH_USER_PATHS = NO;
				CLANG_ANALYZER_NONNULL = YES;
				CLANG_ANALYZER_NUMBER_OBJECT_CONVERSION = YES_AGGRESSIVE;
				CLANG_CXX_LANGUAGE_STANDARD = "gnu++20";
				CLANG_ENABLE_MODULES = YES;
				CLANG_ENABLE_OBJC_ARC = YES;
				CLANG_ENABLE_OBJC_WEAK = YES;
				CLANG_WARN_BLOCK_CAPTURE_AUTORELEASING = YES;
				CLANG_WARN_BOOL_CONVERSION = YES;
				CLANG_WARN_COMMA = YES;
				CLANG_WARN_CONSTANT_CONVERSION = YES;
				CLANG_WARN_DEPRECATED_OBJC_IMPLEMENTATIONS = YES;
				CLANG_WARN_DIRECT_OBJC_ISA_USAGE = YES_ERROR;
				CLANG_WARN_DOCUMENTATION_COMMENTS = YES;
				CLANG_WARN_EMPTY_BODY = YES;
				CLANG_WARN_ENUM_CONVERSION = YES;
				CLANG_WARN_INFINITE_RECURSION = YES;
				CLANG_WARN_INT_CONVERSION = YES;
				CLANG_WARN_NON_LITERAL_NULL_CONVERSION = YES;
				CLANG_WARN_OBJC_IMPLICIT_RETAIN_SELF = YES;
				CLANG_WARN_OBJC_LITERAL_CONVERSION = YES;
				CLANG_WARN_OBJC_ROOT_CLASS = YES_ERROR;
				CLANG_WARN_QUOTED_INCLUDE_IN_FRAMEWORK_HEADER = YES;
				CLANG_WARN_RANGE_LOOP_ANALYSIS = YES;
				CLANG_WARN_STRICT_PROTOTYPES = YES;
				CLANG_WARN_SUSPICIOUS_MOVE = YES;
				CLANG_WARN_UNGUARDED_AVAILABILITY = YES_AGGRESSIVE;
				CLANG_WARN_UNREACHABLE_CODE = YES;
				CLANG_WARN__DUPLICATE_METHOD_MATCH = YES;
				COPY_PHASE_STRIP = NO;
				DEBUG_INFORMATION_FORMAT = dwarf;
				ENABLE_STRICT_OBJC_MSGSEND = YES;
				ENABLE_TESTABILITY = YES;
				GCC_C_LANGUAGE_STANDARD = gnu11;
				GCC_DYNAMIC_NO_PIC = NO;
				GCC_NO_COMMON_BLOCKS = YES;
				GCC_OPTIMIZATION_LEVEL = 0;
				GCC_PREPROCESSOR_DEFINITIONS = (
					"DEBUG=1",
					"$(inherited)",
				);
				GCC_WARN_64_TO_32_BIT_CONVERSION = YES;
				GCC_WARN_ABOUT_RETURN_TYPE = YES_ERROR;
				GCC_WARN_UNDECLARED_SELECTOR = YES;
				GCC_WARN_UNINITIALIZED_AUTOS = YES_AGGRESSIVE;
				GCC_WARN_UNUSED_FUNCTION = YES;
				GCC_WARN_UNUSED_VARIABLE = YES;
				IPHONEOS_DEPLOYMENT_TARGET = 16.2;
				MTL_ENABLE_DEBUG_INFO = INCLUDE_SOURCE;
				MTL_FAST_MATH = YES;
				ONLY_ACTIVE_ARCH = YES;
				SDKROOT = iphoneos;
				SWIFT_ACTIVE_COMPILATION_CONDITIONS = DEBUG;
				SWIFT_OPTIMIZATION_LEVEL = "-Onone";
			};
			name = Debug;
		};
		36B72AA32AF8A60800738F22 /* Release */ = {
			isa = XCBuildConfiguration;
			buildSettings = {
				ALWAYS_SEARCH_USER_PATHS = NO;
				CLANG_ANALYZER_NONNULL = YES;
				CLANG_ANALYZER_NUMBER_OBJECT_CONVERSION = YES_AGGRESSIVE;
				CLANG_CXX_LANGUAGE_STANDARD = "gnu++20";
				CLANG_ENABLE_MODULES = YES;
				CLANG_ENABLE_OBJC_ARC = YES;
				CLANG_ENABLE_OBJC_WEAK = YES;
				CLANG_WARN_BLOCK_CAPTURE_AUTORELEASING = YES;
				CLANG_WARN_BOOL_CONVERSION = YES;
				CLANG_WARN_COMMA = YES;
				CLANG_WARN_CONSTANT_CONVERSION = YES;
				CLANG_WARN_DEPRECATED_OBJC_IMPLEMENTATIONS = YES;
				CLANG_WARN_DIRECT_OBJC_ISA_USAGE = YES_ERROR;
				CLANG_WARN_DOCUMENTATION_COMMENTS = YES;
				CLANG_WARN_EMPTY_BODY = YES;
				CLANG_WARN_ENUM_CONVERSION = YES;
				CLANG_WARN_INFINITE_RECURSION = YES;
				CLANG_WARN_INT_CONVERSION = YES;
				CLANG_WARN_NON_LITERAL_NULL_CONVERSION = YES;
				CLANG_WARN_OBJC_IMPLICIT_RETAIN_SELF = YES;
				CLANG_WARN_OBJC_LITERAL_CONVERSION = YES;
				CLANG_WARN_OBJC_ROOT_CLASS = YES_ERROR;
				CLANG_WARN_QUOTED_INCLUDE_IN_FRAMEWORK_HEADER = YES;
				CLANG_WARN_RANGE_LOOP_ANALYSIS = YES;
				CLANG_WARN_STRICT_PROTOTYPES = YES;
				CLANG_WARN_SUSPICIOUS_MOVE = YES;
				CLANG_WARN_UNGUARDED_AVAILABILITY = YES_AGGRESSIVE;
				CLANG_WARN_UNREACHABLE_CODE = YES;
				CLANG_WARN__DUPLICATE_METHOD_MATCH = YES;
				COPY_PHASE_STRIP = NO;
				DEBUG_INFORMATION_FORMAT = "dwarf-with-dsym";
				ENABLE_NS_ASSERTIONS = NO;
				ENABLE_STRICT_OBJC_MSGSEND = YES;
				GCC_C_LANGUAGE_STANDARD = gnu11;
				GCC_NO_COMMON_BLOCKS = YES;
				GCC_WARN_64_TO_32_BIT_CONVERSION = YES;
				GCC_WARN_ABOUT_RETURN_TYPE = YES_ERROR;
				GCC_WARN_UNDECLARED_SELECTOR = YES;
				GCC_WARN_UNINITIALIZED_AUTOS = YES_AGGRESSIVE;
				GCC_WARN_UNUSED_FUNCTION = YES;
				GCC_WARN_UNUSED_VARIABLE = YES;
				IPHONEOS_DEPLOYMENT_TARGET = 16.2;
				MTL_ENABLE_DEBUG_INFO = NO;
				MTL_FAST_MATH = YES;
				SDKROOT = iphoneos;
				SWIFT_COMPILATION_MODE = wholemodule;
				SWIFT_OPTIMIZATION_LEVEL = "-O";
				VALIDATE_PRODUCT = YES;
			};
			name = Release;
		};
		36B72AA52AF8A60800738F22 /* Debug */ = {
			isa = XCBuildConfiguration;
			buildSettings = {
				ASSETCATALOG_COMPILER_APPICON_NAME = AppIcon;
				ASSETCATALOG_COMPILER_GLOBAL_ACCENT_COLOR_NAME = AccentColor;
				CODE_SIGN_STYLE = Automatic;
				CURRENT_PROJECT_VERSION = 1;
				GENERATE_INFOPLIST_FILE = YES;
				INFOPLIST_FILE = Reminders/Info.plist;
				INFOPLIST_KEY_UIApplicationSupportsIndirectInputEvents = YES;
				INFOPLIST_KEY_UILaunchStoryboardName = LaunchScreen;
				INFOPLIST_KEY_UIMainStoryboardFile = Main;
				INFOPLIST_KEY_UISupportedInterfaceOrientations_iPad = "UIInterfaceOrientationPortrait UIInterfaceOrientationPortraitUpsideDown UIInterfaceOrientationLandscapeLeft UIInterfaceOrientationLandscapeRight";
				INFOPLIST_KEY_UISupportedInterfaceOrientations_iPhone = "UIInterfaceOrientationPortrait UIInterfaceOrientationLandscapeLeft UIInterfaceOrientationLandscapeRight";
				LD_RUNPATH_SEARCH_PATHS = (
					"$(inherited)",
					"@executable_path/Frameworks",
				);
				MARKETING_VERSION = 1.0;
				PRODUCT_BUNDLE_IDENTIFIER = okeoke.Reminders;
				PRODUCT_NAME = "$(TARGET_NAME)";
				SWIFT_EMIT_LOC_STRINGS = YES;
				SWIFT_VERSION = 5.0;
				TARGETED_DEVICE_FAMILY = "1,2";
			};
			name = Debug;
		};
		36B72AA62AF8A60800738F22 /* Release */ = {
			isa = XCBuildConfiguration;
			buildSettings = {
				ASSETCATALOG_COMPILER_APPICON_NAME = AppIcon;
				ASSETCATALOG_COMPILER_GLOBAL_ACCENT_COLOR_NAME = AccentColor;
				CODE_SIGN_STYLE = Automatic;
				CURRENT_PROJECT_VERSION = 1;
				GENERATE_INFOPLIST_FILE = YES;
				INFOPLIST_FILE = Reminders/Info.plist;
				INFOPLIST_KEY_UIApplicationSupportsIndirectInputEvents = YES;
				INFOPLIST_KEY_UILaunchStoryboardName = LaunchScreen;
				INFOPLIST_KEY_UIMainStoryboardFile = Main;
				INFOPLIST_KEY_UISupportedInterfaceOrientations_iPad = "UIInterfaceOrientationPortrait UIInterfaceOrientationPortraitUpsideDown UIInterfaceOrientationLandscapeLeft UIInterfaceOrientationLandscapeRight";
				INFOPLIST_KEY_UISupportedInterfaceOrientations_iPhone = "UIInterfaceOrientationPortrait UIInterfaceOrientationLandscapeLeft UIInterfaceOrientationLandscapeRight";
				LD_RUNPATH_SEARCH_PATHS = (
					"$(inherited)",
					"@executable_path/Frameworks",
				);
				MARKETING_VERSION = 1.0;
				PRODUCT_BUNDLE_IDENTIFIER = okeoke.Reminders;
				PRODUCT_NAME = "$(TARGET_NAME)";
				SWIFT_EMIT_LOC_STRINGS = YES;
				SWIFT_VERSION = 5.0;
				TARGETED_DEVICE_FAMILY = "1,2";
			};
			name = Release;
		};
		36B72AA82AF8A60800738F22 /* Debug */ = {
			isa = XCBuildConfiguration;
			buildSettings = {
				ALWAYS_EMBED_SWIFT_STANDARD_LIBRARIES = YES;
				BUNDLE_LOADER = "$(TEST_HOST)";
				CODE_SIGN_STYLE = Automatic;
				CURRENT_PROJECT_VERSION = 1;
				GENERATE_INFOPLIST_FILE = YES;
				IPHONEOS_DEPLOYMENT_TARGET = 16.2;
				MARKETING_VERSION = 1.0;
				PRODUCT_BUNDLE_IDENTIFIER = okeoke.RemindersTests;
				PRODUCT_NAME = "$(TARGET_NAME)";
				SWIFT_EMIT_LOC_STRINGS = NO;
				SWIFT_VERSION = 5.0;
				TARGETED_DEVICE_FAMILY = "1,2";
				TEST_HOST = "$(BUILT_PRODUCTS_DIR)/Reminders.app/$(BUNDLE_EXECUTABLE_FOLDER_PATH)/Reminders";
			};
			name = Debug;
		};
		36B72AA92AF8A60800738F22 /* Release */ = {
			isa = XCBuildConfiguration;
			buildSettings = {
				ALWAYS_EMBED_SWIFT_STANDARD_LIBRARIES = YES;
				BUNDLE_LOADER = "$(TEST_HOST)";
				CODE_SIGN_STYLE = Automatic;
				CURRENT_PROJECT_VERSION = 1;
				GENERATE_INFOPLIST_FILE = YES;
				IPHONEOS_DEPLOYMENT_TARGET = 16.2;
				MARKETING_VERSION = 1.0;
				PRODUCT_BUNDLE_IDENTIFIER = okeoke.RemindersTests;
				PRODUCT_NAME = "$(TARGET_NAME)";
				SWIFT_EMIT_LOC_STRINGS = NO;
				SWIFT_VERSION = 5.0;
				TARGETED_DEVICE_FAMILY = "1,2";
				TEST_HOST = "$(BUILT_PRODUCTS_DIR)/Reminders.app/$(BUNDLE_EXECUTABLE_FOLDER_PATH)/Reminders";
			};
			name = Release;
		};
		36B72AAB2AF8A60800738F22 /* Debug */ = {
			isa = XCBuildConfiguration;
			buildSettings = {
				ALWAYS_EMBED_SWIFT_STANDARD_LIBRARIES = YES;
				CODE_SIGN_STYLE = Automatic;
				CURRENT_PROJECT_VERSION = 1;
				GENERATE_INFOPLIST_FILE = YES;
				MARKETING_VERSION = 1.0;
				PRODUCT_BUNDLE_IDENTIFIER = okeoke.RemindersUITests;
				PRODUCT_NAME = "$(TARGET_NAME)";
				SWIFT_EMIT_LOC_STRINGS = NO;
				SWIFT_VERSION = 5.0;
				TARGETED_DEVICE_FAMILY = "1,2";
				TEST_TARGET_NAME = Reminders;
			};
			name = Debug;
		};
		36B72AAC2AF8A60800738F22 /* Release */ = {
			isa = XCBuildConfiguration;
			buildSettings = {
				ALWAYS_EMBED_SWIFT_STANDARD_LIBRARIES = YES;
				CODE_SIGN_STYLE = Automatic;
				CURRENT_PROJECT_VERSION = 1;
				GENERATE_INFOPLIST_FILE = YES;
				MARKETING_VERSION = 1.0;
				PRODUCT_BUNDLE_IDENTIFIER = okeoke.RemindersUITests;
				PRODUCT_NAME = "$(TARGET_NAME)";
				SWIFT_EMIT_LOC_STRINGS = NO;
				SWIFT_VERSION = 5.0;
				TARGETED_DEVICE_FAMILY = "1,2";
				TEST_TARGET_NAME = Reminders;
			};
			name = Release;
		};
/* End XCBuildConfiguration section */

/* Begin XCConfigurationList section */
		36B72A722AF8A60600738F22 /* Build configuration list for PBXProject "Reminders" */ = {
			isa = XCConfigurationList;
			buildConfigurations = (
				36B72AA22AF8A60800738F22 /* Debug */,
				36B72AA32AF8A60800738F22 /* Release */,
			);
			defaultConfigurationIsVisible = 0;
			defaultConfigurationName = Release;
		};
		36B72AA42AF8A60800738F22 /* Build configuration list for PBXNativeTarget "Reminders" */ = {
			isa = XCConfigurationList;
			buildConfigurations = (
				36B72AA52AF8A60800738F22 /* Debug */,
				36B72AA62AF8A60800738F22 /* Release */,
			);
			defaultConfigurationIsVisible = 0;
			defaultConfigurationName = Release;
		};
		36B72AA72AF8A60800738F22 /* Build configuration list for PBXNativeTarget "RemindersTests" */ = {
			isa = XCConfigurationList;
			buildConfigurations = (
				36B72AA82AF8A60800738F22 /* Debug */,
				36B72AA92AF8A60800738F22 /* Release */,
			);
			defaultConfigurationIsVisible = 0;
			defaultConfigurationName = Release;
		};
		36B72AAA2AF8A60800738F22 /* Build configuration list for PBXNativeTarget "RemindersUITests" */ = {
			isa = XCConfigurationList;
			buildConfigurations = (
				36B72AAB2AF8A60800738F22 /* Debug */,
				36B72AAC2AF8A60800738F22 /* Release */,
			);
			defaultConfigurationIsVisible = 0;
			defaultConfigurationName = Release;
		};
/* End XCConfigurationList section */

/* Begin XCVersionGroup section */
		36B72A832AF8A60600738F22 /* Reminders.xcdatamodeld */ = {
			isa = XCVersionGroup;
			children = (
				36B72A842AF8A60600738F22 /* Reminders.xcdatamodel */,
			);
			currentVersion = 36B72A842AF8A60600738F22 /* Reminders.xcdatamodel */;
			path = Reminders.xcdatamodeld;
			sourceTree = "<group>";
			versionGroupType = wrapper.xcdatamodel;
		};
/* End XCVersionGroup section */
	};
	rootObject = 36B72A6F2AF8A60600738F22 /* Project object */;
}
